// !$*UTF8*$!
{
	archiveVersion = 1;
	classes = {
	};
	objectVersion = 56;
	objects = {

/* Begin PBXBuildFile section */
		0F5C844C58BEE706817A93AE /* Pods_Scan_me__calculator.framework in Frameworks */ = {isa = PBXBuildFile; fileRef = F7254F2B02981F77ECA306B2 /* Pods_Scan_me__calculator.framework */; };
		CD45FA0629FF865400457E8F /* ScanViewController.swift in Sources */ = {isa = PBXBuildFile; fileRef = CD45FA0429FF865400457E8F /* ScanViewController.swift */; };
		CD45FA0729FF865400457E8F /* ScanViewController.xib in Resources */ = {isa = PBXBuildFile; fileRef = CD45FA0529FF865400457E8F /* ScanViewController.xib */; };
		CD45FA0929FF87EB00457E8F /* Expression.swift in Sources */ = {isa = PBXBuildFile; fileRef = CD45FA0829FF87EB00457E8F /* Expression.swift */; };
		CD45FA0D29FF968000457E8F /* UIView+Extensions.swift in Sources */ = {isa = PBXBuildFile; fileRef = CD45FA0C29FF968000457E8F /* UIView+Extensions.swift */; };
		CD45FA0F29FFA45700457E8F /* App.swift in Sources */ = {isa = PBXBuildFile; fileRef = CD45FA0E29FFA45700457E8F /* App.swift */; };
		CD606D422A0353C2002416C3 /* ExpressionFactory.swift in Sources */ = {isa = PBXBuildFile; fileRef = CD606D412A0353C2002416C3 /* ExpressionFactory.swift */; };
		CD73321629FCEFDA00899ECC /* AppDelegate.swift in Sources */ = {isa = PBXBuildFile; fileRef = CD73321529FCEFDA00899ECC /* AppDelegate.swift */; };
		CD73321F29FCEFDB00899ECC /* Assets.xcassets in Resources */ = {isa = PBXBuildFile; fileRef = CD73321E29FCEFDB00899ECC /* Assets.xcassets */; };
		CD73322229FCEFDB00899ECC /* LaunchScreen.storyboard in Resources */ = {isa = PBXBuildFile; fileRef = CD73322029FCEFDB00899ECC /* LaunchScreen.storyboard */; };
		CDA339852A035E3F0079B7A6 /* Media.xcassets in Resources */ = {isa = PBXBuildFile; fileRef = CDA339842A035E3F0079B7A6 /* Media.xcassets */; };
		CDA339872A035EA00079B7A6 /* OCRServiceTests.swift in Sources */ = {isa = PBXBuildFile; fileRef = CDA339862A035EA00079B7A6 /* OCRServiceTests.swift */; };
		CDA53BD42A0233DB00B5DFF8 /* GoogleService-Info.plist in Resources */ = {isa = PBXBuildFile; fileRef = CDA53BD32A0233DB00B5DFF8 /* GoogleService-Info.plist */; };
		CDA53BDC2A0298E000B5DFF8 /* ScanConfigurator.swift in Sources */ = {isa = PBXBuildFile; fileRef = CDA53BDB2A0298E000B5DFF8 /* ScanConfigurator.swift */; };
		CDA53C0F2A029E0400B5DFF8 /* ScanViewControllerTests.swift in Sources */ = {isa = PBXBuildFile; fileRef = CDA53C0E2A029E0400B5DFF8 /* ScanViewControllerTests.swift */; };
		CDA53C112A02AB7B00B5DFF8 /* ScanPresenterTests.swift in Sources */ = {isa = PBXBuildFile; fileRef = CDA53C102A02AB7B00B5DFF8 /* ScanPresenterTests.swift */; };
		CDA53C132A02B8C600B5DFF8 /* ScanInteractorTests.swift in Sources */ = {isa = PBXBuildFile; fileRef = CDA53C122A02B8C500B5DFF8 /* ScanInteractorTests.swift */; };
		CDAE86692A00EF0900BCB253 /* PaddingTableViewCell.swift in Sources */ = {isa = PBXBuildFile; fileRef = CDAE86682A00EF0900BCB253 /* PaddingTableViewCell.swift */; };
		CDAE866C2A013EB300BCB253 /* ContentView.swift in Sources */ = {isa = PBXBuildFile; fileRef = CDAE866B2A013EB300BCB253 /* ContentView.swift */; };
		CDAE866E2A013EF600BCB253 /* ContentView.xib in Resources */ = {isa = PBXBuildFile; fileRef = CDAE866D2A013EF600BCB253 /* ContentView.xib */; };
		CDAE86882A01638500BCB253 /* ScanInteractor.swift in Sources */ = {isa = PBXBuildFile; fileRef = CDAE86872A01638500BCB253 /* ScanInteractor.swift */; };
		CDAE868A2A01665300BCB253 /* ScanPresenter.swift in Sources */ = {isa = PBXBuildFile; fileRef = CDAE86892A01665300BCB253 /* ScanPresenter.swift */; };
		CDAE86EB2A01715500BCB253 /* SegmentedControlFactory.swift in Sources */ = {isa = PBXBuildFile; fileRef = CDAE86EA2A01715500BCB253 /* SegmentedControlFactory.swift */; };
		CDAE86ED2A017AC600BCB253 /* OCRService.swift in Sources */ = {isa = PBXBuildFile; fileRef = CDAE86EC2A017AC600BCB253 /* OCRService.swift */; };
		CDAE86EF2A01846E00BCB253 /* FileService.swift in Sources */ = {isa = PBXBuildFile; fileRef = CDAE86EE2A01846E00BCB253 /* FileService.swift */; };
		CDAE86F12A01847E00BCB253 /* CloudService.swift in Sources */ = {isa = PBXBuildFile; fileRef = CDAE86F02A01847E00BCB253 /* CloudService.swift */; };
		CDAE86F32A018DAA00BCB253 /* CustomError.swift in Sources */ = {isa = PBXBuildFile; fileRef = CDAE86F22A018DAA00BCB253 /* CustomError.swift */; };
		CDAE86F52A019B1B00BCB253 /* UIViewController+Extensions.swift in Sources */ = {isa = PBXBuildFile; fileRef = CDAE86F42A019B1B00BCB253 /* UIViewController+Extensions.swift */; };
		CDF0A2732A038FDD00941C56 /* FileServiceTests.swift in Sources */ = {isa = PBXBuildFile; fileRef = CDF0A2722A038FDD00941C56 /* FileServiceTests.swift */; };
		CDF0A2752A0397C300941C56 /* UIViewExtensionTests.swift in Sources */ = {isa = PBXBuildFile; fileRef = CDF0A2742A0397C300941C56 /* UIViewExtensionTests.swift */; };
		CDF0A2772A039A5E00941C56 /* UIViewControllerExtensionsTests.swift in Sources */ = {isa = PBXBuildFile; fileRef = CDF0A2762A039A5E00941C56 /* UIViewControllerExtensionsTests.swift */; };
/* End PBXBuildFile section */

/* Begin PBXContainerItemProxy section */
		CDA53C012A029D7900B5DFF8 /* PBXContainerItemProxy */ = {
			isa = PBXContainerItemProxy;
			containerPortal = CD73320A29FCEFDA00899ECC /* Project object */;
			proxyType = 1;
			remoteGlobalIDString = CD73321129FCEFDA00899ECC;
			remoteInfo = "Scan me! calculator";
		};
/* End PBXContainerItemProxy section */

/* Begin PBXFileReference section */
		5CB2E1FD1ABDFA6902B6A5A0 /* Pods-Scan me! calculator.debug-app-red-camera-roll.xcconfig */ = {isa = PBXFileReference; includeInIndex = 1; lastKnownFileType = text.xcconfig; name = "Pods-Scan me! calculator.debug-app-red-camera-roll.xcconfig"; path = "Target Support Files/Pods-Scan me! calculator/Pods-Scan me! calculator.debug-app-red-camera-roll.xcconfig"; sourceTree = "<group>"; };
		67D2EA1B0D06069B6424A190 /* Pods-Scan me! calculator.release-app-red-camera-roll.xcconfig */ = {isa = PBXFileReference; includeInIndex = 1; lastKnownFileType = text.xcconfig; name = "Pods-Scan me! calculator.release-app-red-camera-roll.xcconfig"; path = "Target Support Files/Pods-Scan me! calculator/Pods-Scan me! calculator.release-app-red-camera-roll.xcconfig"; sourceTree = "<group>"; };
		84DCB8E23A3F1EBCA8113023 /* Pods-Scan me! calculator.release-app-green-camera-roll.xcconfig */ = {isa = PBXFileReference; includeInIndex = 1; lastKnownFileType = text.xcconfig; name = "Pods-Scan me! calculator.release-app-green-camera-roll.xcconfig"; path = "Target Support Files/Pods-Scan me! calculator/Pods-Scan me! calculator.release-app-green-camera-roll.xcconfig"; sourceTree = "<group>"; };
		B47BDB5BBAE2ADA44040A34E /* Pods-Scan me! calculator.debug-app-green-camera-roll.xcconfig */ = {isa = PBXFileReference; includeInIndex = 1; lastKnownFileType = text.xcconfig; name = "Pods-Scan me! calculator.debug-app-green-camera-roll.xcconfig"; path = "Target Support Files/Pods-Scan me! calculator/Pods-Scan me! calculator.debug-app-green-camera-roll.xcconfig"; sourceTree = "<group>"; };
		BD99064B3A75465D0D85AB7B /* Pods-Scan me! calculator.release.xcconfig */ = {isa = PBXFileReference; includeInIndex = 1; lastKnownFileType = text.xcconfig; name = "Pods-Scan me! calculator.release.xcconfig"; path = "Target Support Files/Pods-Scan me! calculator/Pods-Scan me! calculator.release.xcconfig"; sourceTree = "<group>"; };
		CD45FA0429FF865400457E8F /* ScanViewController.swift */ = {isa = PBXFileReference; lastKnownFileType = sourcecode.swift; path = ScanViewController.swift; sourceTree = "<group>"; };
		CD45FA0529FF865400457E8F /* ScanViewController.xib */ = {isa = PBXFileReference; lastKnownFileType = file.xib; path = ScanViewController.xib; sourceTree = "<group>"; };
		CD45FA0829FF87EB00457E8F /* Expression.swift */ = {isa = PBXFileReference; lastKnownFileType = sourcecode.swift; path = Expression.swift; sourceTree = "<group>"; };
		CD45FA0C29FF968000457E8F /* UIView+Extensions.swift */ = {isa = PBXFileReference; lastKnownFileType = sourcecode.swift; path = "UIView+Extensions.swift"; sourceTree = "<group>"; };
		CD45FA0E29FFA45700457E8F /* App.swift */ = {isa = PBXFileReference; lastKnownFileType = sourcecode.swift; path = App.swift; sourceTree = "<group>"; };
		CD606D412A0353C2002416C3 /* ExpressionFactory.swift */ = {isa = PBXFileReference; lastKnownFileType = sourcecode.swift; path = ExpressionFactory.swift; sourceTree = "<group>"; };
		CD73321229FCEFDA00899ECC /* ScanMe.app */ = {isa = PBXFileReference; explicitFileType = wrapper.application; includeInIndex = 0; path = ScanMe.app; sourceTree = BUILT_PRODUCTS_DIR; };
		CD73321529FCEFDA00899ECC /* AppDelegate.swift */ = {isa = PBXFileReference; lastKnownFileType = sourcecode.swift; path = AppDelegate.swift; sourceTree = "<group>"; };
		CD73321E29FCEFDB00899ECC /* Assets.xcassets */ = {isa = PBXFileReference; lastKnownFileType = folder.assetcatalog; path = Assets.xcassets; sourceTree = "<group>"; };
		CD73322129FCEFDB00899ECC /* Base */ = {isa = PBXFileReference; lastKnownFileType = file.storyboard; name = Base; path = Base.lproj/LaunchScreen.storyboard; sourceTree = "<group>"; };
		CD73322329FCEFDB00899ECC /* Info.plist */ = {isa = PBXFileReference; lastKnownFileType = text.plist.xml; path = Info.plist; sourceTree = "<group>"; };
		CDA339842A035E3F0079B7A6 /* Media.xcassets */ = {isa = PBXFileReference; lastKnownFileType = folder.assetcatalog; path = Media.xcassets; sourceTree = "<group>"; };
		CDA339862A035EA00079B7A6 /* OCRServiceTests.swift */ = {isa = PBXFileReference; lastKnownFileType = sourcecode.swift; path = OCRServiceTests.swift; sourceTree = "<group>"; };
		CDA53BD32A0233DB00B5DFF8 /* GoogleService-Info.plist */ = {isa = PBXFileReference; fileEncoding = 4; lastKnownFileType = text.plist.xml; path = "GoogleService-Info.plist"; sourceTree = "<group>"; };
		CDA53BDB2A0298E000B5DFF8 /* ScanConfigurator.swift */ = {isa = PBXFileReference; lastKnownFileType = sourcecode.swift; path = ScanConfigurator.swift; sourceTree = "<group>"; };
		CDA53BFD2A029D7600B5DFF8 /* ScanMeTests.xctest */ = {isa = PBXFileReference; explicitFileType = wrapper.cfbundle; includeInIndex = 0; path = ScanMeTests.xctest; sourceTree = BUILT_PRODUCTS_DIR; };
		CDA53C0E2A029E0400B5DFF8 /* ScanViewControllerTests.swift */ = {isa = PBXFileReference; lastKnownFileType = sourcecode.swift; path = ScanViewControllerTests.swift; sourceTree = "<group>"; };
		CDA53C102A02AB7B00B5DFF8 /* ScanPresenterTests.swift */ = {isa = PBXFileReference; lastKnownFileType = sourcecode.swift; path = ScanPresenterTests.swift; sourceTree = "<group>"; };
		CDA53C122A02B8C500B5DFF8 /* ScanInteractorTests.swift */ = {isa = PBXFileReference; lastKnownFileType = sourcecode.swift; path = ScanInteractorTests.swift; sourceTree = "<group>"; };
		CDAE86682A00EF0900BCB253 /* PaddingTableViewCell.swift */ = {isa = PBXFileReference; lastKnownFileType = sourcecode.swift; path = PaddingTableViewCell.swift; sourceTree = "<group>"; };
		CDAE866B2A013EB300BCB253 /* ContentView.swift */ = {isa = PBXFileReference; lastKnownFileType = sourcecode.swift; path = ContentView.swift; sourceTree = "<group>"; };
		CDAE866D2A013EF600BCB253 /* ContentView.xib */ = {isa = PBXFileReference; lastKnownFileType = file.xib; path = ContentView.xib; sourceTree = "<group>"; };
		CDAE86872A01638500BCB253 /* ScanInteractor.swift */ = {isa = PBXFileReference; lastKnownFileType = sourcecode.swift; path = ScanInteractor.swift; sourceTree = "<group>"; };
		CDAE86892A01665300BCB253 /* ScanPresenter.swift */ = {isa = PBXFileReference; lastKnownFileType = sourcecode.swift; path = ScanPresenter.swift; sourceTree = "<group>"; };
		CDAE86A42A0167F900BCB253 /* Scan me! calculator.plist */ = {isa = PBXFileReference; lastKnownFileType = text.plist.xml; name = "Scan me! calculator.plist"; path = "/Users/nawidodo/Development/iOS/Scan me! calculator/Scan me! calculator.plist"; sourceTree = "<absolute>"; };
		CDAE86EA2A01715500BCB253 /* SegmentedControlFactory.swift */ = {isa = PBXFileReference; lastKnownFileType = sourcecode.swift; path = SegmentedControlFactory.swift; sourceTree = "<group>"; };
		CDAE86EC2A017AC600BCB253 /* OCRService.swift */ = {isa = PBXFileReference; lastKnownFileType = sourcecode.swift; path = OCRService.swift; sourceTree = "<group>"; };
		CDAE86EE2A01846E00BCB253 /* FileService.swift */ = {isa = PBXFileReference; lastKnownFileType = sourcecode.swift; path = FileService.swift; sourceTree = "<group>"; };
		CDAE86F02A01847E00BCB253 /* CloudService.swift */ = {isa = PBXFileReference; lastKnownFileType = sourcecode.swift; path = CloudService.swift; sourceTree = "<group>"; };
		CDAE86F22A018DAA00BCB253 /* CustomError.swift */ = {isa = PBXFileReference; lastKnownFileType = sourcecode.swift; path = CustomError.swift; sourceTree = "<group>"; };
		CDAE86F42A019B1B00BCB253 /* UIViewController+Extensions.swift */ = {isa = PBXFileReference; lastKnownFileType = sourcecode.swift; path = "UIViewController+Extensions.swift"; sourceTree = "<group>"; };
		CDF0A2722A038FDD00941C56 /* FileServiceTests.swift */ = {isa = PBXFileReference; lastKnownFileType = sourcecode.swift; path = FileServiceTests.swift; sourceTree = "<group>"; };
		CDF0A2742A0397C300941C56 /* UIViewExtensionTests.swift */ = {isa = PBXFileReference; lastKnownFileType = sourcecode.swift; path = UIViewExtensionTests.swift; sourceTree = "<group>"; };
		CDF0A2762A039A5E00941C56 /* UIViewControllerExtensionsTests.swift */ = {isa = PBXFileReference; lastKnownFileType = sourcecode.swift; path = UIViewControllerExtensionsTests.swift; sourceTree = "<group>"; };
		D1AD73AF2BEAC1B4CF85B1A8 /* Pods-Scan me! calculator.debug-app-red-built-in-camera.xcconfig */ = {isa = PBXFileReference; includeInIndex = 1; lastKnownFileType = text.xcconfig; name = "Pods-Scan me! calculator.debug-app-red-built-in-camera.xcconfig"; path = "Target Support Files/Pods-Scan me! calculator/Pods-Scan me! calculator.debug-app-red-built-in-camera.xcconfig"; sourceTree = "<group>"; };
		D4042106BC0F70D34A0B438F /* Pods-Scan me! calculator.debug.xcconfig */ = {isa = PBXFileReference; includeInIndex = 1; lastKnownFileType = text.xcconfig; name = "Pods-Scan me! calculator.debug.xcconfig"; path = "Target Support Files/Pods-Scan me! calculator/Pods-Scan me! calculator.debug.xcconfig"; sourceTree = "<group>"; };
		E9974DBE126A5F8CE8447966 /* Pods-Scan me! calculator.release-app-red-built-in-camera.xcconfig */ = {isa = PBXFileReference; includeInIndex = 1; lastKnownFileType = text.xcconfig; name = "Pods-Scan me! calculator.release-app-red-built-in-camera.xcconfig"; path = "Target Support Files/Pods-Scan me! calculator/Pods-Scan me! calculator.release-app-red-built-in-camera.xcconfig"; sourceTree = "<group>"; };
		F7254F2B02981F77ECA306B2 /* Pods_Scan_me__calculator.framework */ = {isa = PBXFileReference; explicitFileType = wrapper.framework; includeInIndex = 0; path = Pods_Scan_me__calculator.framework; sourceTree = BUILT_PRODUCTS_DIR; };
/* End PBXFileReference section */

/* Begin PBXFrameworksBuildPhase section */
		CD73320F29FCEFDA00899ECC /* Frameworks */ = {
			isa = PBXFrameworksBuildPhase;
			buildActionMask = 2147483647;
			files = (
				0F5C844C58BEE706817A93AE /* Pods_Scan_me__calculator.framework in Frameworks */,
			);
			runOnlyForDeploymentPostprocessing = 0;
		};
		CDA53BFA2A029D7600B5DFF8 /* Frameworks */ = {
			isa = PBXFrameworksBuildPhase;
			buildActionMask = 2147483647;
			files = (
			);
			runOnlyForDeploymentPostprocessing = 0;
		};
/* End PBXFrameworksBuildPhase section */

/* Begin PBXGroup section */
		1CEE2E2EFA944B8EF9D946C5 /* Frameworks */ = {
			isa = PBXGroup;
			children = (
				F7254F2B02981F77ECA306B2 /* Pods_Scan_me__calculator.framework */,
			);
			name = Frameworks;
			sourceTree = "<group>";
		};
		B26DEA865BA28B67B6B313D1 /* Pods */ = {
			isa = PBXGroup;
			children = (
				D4042106BC0F70D34A0B438F /* Pods-Scan me! calculator.debug.xcconfig */,
				5CB2E1FD1ABDFA6902B6A5A0 /* Pods-Scan me! calculator.debug-app-red-camera-roll.xcconfig */,
				D1AD73AF2BEAC1B4CF85B1A8 /* Pods-Scan me! calculator.debug-app-red-built-in-camera.xcconfig */,
				B47BDB5BBAE2ADA44040A34E /* Pods-Scan me! calculator.debug-app-green-camera-roll.xcconfig */,
				BD99064B3A75465D0D85AB7B /* Pods-Scan me! calculator.release.xcconfig */,
				67D2EA1B0D06069B6424A190 /* Pods-Scan me! calculator.release-app-red-camera-roll.xcconfig */,
				E9974DBE126A5F8CE8447966 /* Pods-Scan me! calculator.release-app-red-built-in-camera.xcconfig */,
				84DCB8E23A3F1EBCA8113023 /* Pods-Scan me! calculator.release-app-green-camera-roll.xcconfig */,
			);
			path = Pods;
			sourceTree = "<group>";
		};
		CD73320929FCEFDA00899ECC = {
			isa = PBXGroup;
			children = (
				CD73321429FCEFDA00899ECC /* Scan me! calculator */,
				CDA53BFE2A029D7900B5DFF8 /* ScanMeTests */,
				CD73321329FCEFDA00899ECC /* Products */,
				B26DEA865BA28B67B6B313D1 /* Pods */,
				1CEE2E2EFA944B8EF9D946C5 /* Frameworks */,
			);
			sourceTree = "<group>";
		};
		CD73321329FCEFDA00899ECC /* Products */ = {
			isa = PBXGroup;
			children = (
				CD73321229FCEFDA00899ECC /* ScanMe.app */,
				CDA53BFD2A029D7600B5DFF8 /* ScanMeTests.xctest */,
			);
			name = Products;
			sourceTree = "<group>";
		};
		CD73321429FCEFDA00899ECC /* Scan me! calculator */ = {
			isa = PBXGroup;
			children = (
				CD73321529FCEFDA00899ECC /* AppDelegate.swift */,
				CD73322329FCEFDB00899ECC /* Info.plist */,
				CDA53BDF2A02999F00B5DFF8 /* Extensions */,
				CDA53BE02A0299B700B5DFF8 /* Factories */,
				CDA53BDE2A02998100B5DFF8 /* Models */,
				CDA53BDA2A0298B000B5DFF8 /* Scenes */,
				CDA53BE12A0299CA00B5DFF8 /* Services */,
				CDA53BE32A029A2C00B5DFF8 /* Supporting Files */,
				CDA53BE22A029A0B00B5DFF8 /* Views */,
			);
			path = "Scan me! calculator";
			sourceTree = "<group>";
		};
		CDA53BDA2A0298B000B5DFF8 /* Scenes */ = {
			isa = PBXGroup;
			children = (
				CDAE86872A01638500BCB253 /* ScanInteractor.swift */,
				CDAE86892A01665300BCB253 /* ScanPresenter.swift */,
				CD45FA0429FF865400457E8F /* ScanViewController.swift */,
				CD45FA0529FF865400457E8F /* ScanViewController.xib */,
				CDA53BDB2A0298E000B5DFF8 /* ScanConfigurator.swift */,
			);
			path = Scenes;
			sourceTree = "<group>";
		};
		CDA53BDE2A02998100B5DFF8 /* Models */ = {
			isa = PBXGroup;
			children = (
				CDAE86F22A018DAA00BCB253 /* CustomError.swift */,
				CD45FA0829FF87EB00457E8F /* Expression.swift */,
				CD45FA0E29FFA45700457E8F /* App.swift */,
			);
			path = Models;
			sourceTree = "<group>";
		};
		CDA53BDF2A02999F00B5DFF8 /* Extensions */ = {
			isa = PBXGroup;
			children = (
				CDAE86F42A019B1B00BCB253 /* UIViewController+Extensions.swift */,
				CD45FA0C29FF968000457E8F /* UIView+Extensions.swift */,
			);
			path = Extensions;
			sourceTree = "<group>";
		};
		CDA53BE02A0299B700B5DFF8 /* Factories */ = {
			isa = PBXGroup;
			children = (
				CDAE86EA2A01715500BCB253 /* SegmentedControlFactory.swift */,
			);
			path = Factories;
			sourceTree = "<group>";
		};
		CDA53BE12A0299CA00B5DFF8 /* Services */ = {
			isa = PBXGroup;
			children = (
				CDAE86EE2A01846E00BCB253 /* FileService.swift */,
				CDAE86EC2A017AC600BCB253 /* OCRService.swift */,
				CDAE86F02A01847E00BCB253 /* CloudService.swift */,
			);
			path = Services;
			sourceTree = "<group>";
		};
		CDA53BE22A029A0B00B5DFF8 /* Views */ = {
			isa = PBXGroup;
			children = (
				CDAE86682A00EF0900BCB253 /* PaddingTableViewCell.swift */,
				CDAE866B2A013EB300BCB253 /* ContentView.swift */,
				CDAE866D2A013EF600BCB253 /* ContentView.xib */,
			);
			path = Views;
			sourceTree = "<group>";
		};
		CDA53BE32A029A2C00B5DFF8 /* Supporting Files */ = {
			isa = PBXGroup;
			children = (
				CD73321E29FCEFDB00899ECC /* Assets.xcassets */,
				CD73322029FCEFDB00899ECC /* LaunchScreen.storyboard */,
				CDA53BD32A0233DB00B5DFF8 /* GoogleService-Info.plist */,
				CDAE86A42A0167F900BCB253 /* Scan me! calculator.plist */,
			);
			path = "Supporting Files";
			sourceTree = "<group>";
		};
		CDA53BFE2A029D7900B5DFF8 /* ScanMeTests */ = {
			isa = PBXGroup;
			children = (
				CDA53C0E2A029E0400B5DFF8 /* ScanViewControllerTests.swift */,
				CDA53C122A02B8C500B5DFF8 /* ScanInteractorTests.swift */,
				CDA53C102A02AB7B00B5DFF8 /* ScanPresenterTests.swift */,
				CD606D412A0353C2002416C3 /* ExpressionFactory.swift */,
				CDA339862A035EA00079B7A6 /* OCRServiceTests.swift */,
				CDF0A2722A038FDD00941C56 /* FileServiceTests.swift */,
				CDF0A2742A0397C300941C56 /* UIViewExtensionTests.swift */,
				CDF0A2762A039A5E00941C56 /* UIViewControllerExtensionsTests.swift */,
				CDA339842A035E3F0079B7A6 /* Media.xcassets */,
			);
			path = ScanMeTests;
			sourceTree = "<group>";
		};
/* End PBXGroup section */

/* Begin PBXNativeTarget section */
		CD73321129FCEFDA00899ECC /* Scan me! calculator */ = {
			isa = PBXNativeTarget;
			buildConfigurationList = CD73322629FCEFDB00899ECC /* Build configuration list for PBXNativeTarget "Scan me! calculator" */;
			buildPhases = (
				43F5DE2A1D8672CC2D1717BA /* [CP] Check Pods Manifest.lock */,
				CD73320E29FCEFDA00899ECC /* Sources */,
				CD73320F29FCEFDA00899ECC /* Frameworks */,
				CD73321029FCEFDA00899ECC /* Resources */,
				0D9F32129DB454E1BC9CA39E /* [CP] Embed Pods Frameworks */,
			);
			buildRules = (
			);
			dependencies = (
			);
			name = "Scan me! calculator";
			productName = "Scan me! calculator";
			productReference = CD73321229FCEFDA00899ECC /* ScanMe.app */;
			productType = "com.apple.product-type.application";
		};
		CDA53BFC2A029D7600B5DFF8 /* ScanMeTests */ = {
			isa = PBXNativeTarget;
			buildConfigurationList = CDA53C032A029D7C00B5DFF8 /* Build configuration list for PBXNativeTarget "ScanMeTests" */;
			buildPhases = (
				CDA53BF92A029D7600B5DFF8 /* Sources */,
				CDA53BFA2A029D7600B5DFF8 /* Frameworks */,
				CDA53BFB2A029D7600B5DFF8 /* Resources */,
			);
			buildRules = (
			);
			dependencies = (
				CDA53C022A029D7900B5DFF8 /* PBXTargetDependency */,
			);
			name = ScanMeTests;
			productName = ScanMeTests;
			productReference = CDA53BFD2A029D7600B5DFF8 /* ScanMeTests.xctest */;
			productType = "com.apple.product-type.bundle.unit-test";
		};
/* End PBXNativeTarget section */

/* Begin PBXProject section */
		CD73320A29FCEFDA00899ECC /* Project object */ = {
			isa = PBXProject;
			attributes = {
				BuildIndependentTargetsInParallel = 1;
				LastSwiftUpdateCheck = 1400;
				LastUpgradeCheck = 1400;
				TargetAttributes = {
					CD73321129FCEFDA00899ECC = {
						CreatedOnToolsVersion = 14.0;
					};
					CDA53BFC2A029D7600B5DFF8 = {
						CreatedOnToolsVersion = 14.0;
						TestTargetID = CD73321129FCEFDA00899ECC;
					};
				};
			};
			buildConfigurationList = CD73320D29FCEFDA00899ECC /* Build configuration list for PBXProject "Scan me! calculator" */;
			compatibilityVersion = "Xcode 14.0";
			developmentRegion = en;
			hasScannedForEncodings = 0;
			knownRegions = (
				en,
				Base,
			);
			mainGroup = CD73320929FCEFDA00899ECC;
			productRefGroup = CD73321329FCEFDA00899ECC /* Products */;
			projectDirPath = "";
			projectRoot = "";
			targets = (
				CD73321129FCEFDA00899ECC /* Scan me! calculator */,
				CDA53BFC2A029D7600B5DFF8 /* ScanMeTests */,
			);
		};
/* End PBXProject section */

/* Begin PBXResourcesBuildPhase section */
		CD73321029FCEFDA00899ECC /* Resources */ = {
			isa = PBXResourcesBuildPhase;
			buildActionMask = 2147483647;
			files = (
				CD73322229FCEFDB00899ECC /* LaunchScreen.storyboard in Resources */,
				CD73321F29FCEFDB00899ECC /* Assets.xcassets in Resources */,
				CDAE866E2A013EF600BCB253 /* ContentView.xib in Resources */,
				CD45FA0729FF865400457E8F /* ScanViewController.xib in Resources */,
				CDA53BD42A0233DB00B5DFF8 /* GoogleService-Info.plist in Resources */,
			);
			runOnlyForDeploymentPostprocessing = 0;
		};
		CDA53BFB2A029D7600B5DFF8 /* Resources */ = {
			isa = PBXResourcesBuildPhase;
			buildActionMask = 2147483647;
			files = (
				CDA339852A035E3F0079B7A6 /* Media.xcassets in Resources */,
			);
			runOnlyForDeploymentPostprocessing = 0;
		};
/* End PBXResourcesBuildPhase section */

/* Begin PBXShellScriptBuildPhase section */
		0D9F32129DB454E1BC9CA39E /* [CP] Embed Pods Frameworks */ = {
			isa = PBXShellScriptBuildPhase;
			buildActionMask = 2147483647;
			files = (
			);
			inputFileListPaths = (
				"${PODS_ROOT}/Target Support Files/Pods-Scan me! calculator/Pods-Scan me! calculator-frameworks-${CONFIGURATION}-input-files.xcfilelist",
			);
			name = "[CP] Embed Pods Frameworks";
			outputFileListPaths = (
				"${PODS_ROOT}/Target Support Files/Pods-Scan me! calculator/Pods-Scan me! calculator-frameworks-${CONFIGURATION}-output-files.xcfilelist",
			);
			runOnlyForDeploymentPostprocessing = 0;
			shellPath = /bin/sh;
			shellScript = "\"${PODS_ROOT}/Target Support Files/Pods-Scan me! calculator/Pods-Scan me! calculator-frameworks.sh\"\n";
			showEnvVarsInLog = 0;
		};
		43F5DE2A1D8672CC2D1717BA /* [CP] Check Pods Manifest.lock */ = {
			isa = PBXShellScriptBuildPhase;
			buildActionMask = 2147483647;
			files = (
			);
			inputFileListPaths = (
			);
			inputPaths = (
				"${PODS_PODFILE_DIR_PATH}/Podfile.lock",
				"${PODS_ROOT}/Manifest.lock",
			);
			name = "[CP] Check Pods Manifest.lock";
			outputFileListPaths = (
			);
			outputPaths = (
				"$(DERIVED_FILE_DIR)/Pods-Scan me! calculator-checkManifestLockResult.txt",
			);
			runOnlyForDeploymentPostprocessing = 0;
			shellPath = /bin/sh;
			shellScript = "diff \"${PODS_PODFILE_DIR_PATH}/Podfile.lock\" \"${PODS_ROOT}/Manifest.lock\" > /dev/null\nif [ $? != 0 ] ; then\n    # print error to STDERR\n    echo \"error: The sandbox is not in sync with the Podfile.lock. Run 'pod install' or update your CocoaPods installation.\" >&2\n    exit 1\nfi\n# This output is used by Xcode 'outputs' to avoid re-running this script phase.\necho \"SUCCESS\" > \"${SCRIPT_OUTPUT_FILE_0}\"\n";
			showEnvVarsInLog = 0;
		};
/* End PBXShellScriptBuildPhase section */

/* Begin PBXSourcesBuildPhase section */
		CD73320E29FCEFDA00899ECC /* Sources */ = {
			isa = PBXSourcesBuildPhase;
			buildActionMask = 2147483647;
			files = (
				CDAE86882A01638500BCB253 /* ScanInteractor.swift in Sources */,
				CDAE86F32A018DAA00BCB253 /* CustomError.swift in Sources */,
				CD45FA0F29FFA45700457E8F /* App.swift in Sources */,
				CDAE86F52A019B1B00BCB253 /* UIViewController+Extensions.swift in Sources */,
				CDAE868A2A01665300BCB253 /* ScanPresenter.swift in Sources */,
				CD45FA0D29FF968000457E8F /* UIView+Extensions.swift in Sources */,
				CDAE86F12A01847E00BCB253 /* CloudService.swift in Sources */,
				CDAE86692A00EF0900BCB253 /* PaddingTableViewCell.swift in Sources */,
				CDAE86EF2A01846E00BCB253 /* FileService.swift in Sources */,
				CDA53BDC2A0298E000B5DFF8 /* ScanConfigurator.swift in Sources */,
				CDAE86ED2A017AC600BCB253 /* OCRService.swift in Sources */,
				CDAE866C2A013EB300BCB253 /* ContentView.swift in Sources */,
				CDAE86EB2A01715500BCB253 /* SegmentedControlFactory.swift in Sources */,
				CD73321629FCEFDA00899ECC /* AppDelegate.swift in Sources */,
				CD45FA0629FF865400457E8F /* ScanViewController.swift in Sources */,
				CD45FA0929FF87EB00457E8F /* Expression.swift in Sources */,
			);
			runOnlyForDeploymentPostprocessing = 0;
		};
		CDA53BF92A029D7600B5DFF8 /* Sources */ = {
			isa = PBXSourcesBuildPhase;
			buildActionMask = 2147483647;
			files = (
				CDF0A2772A039A5E00941C56 /* UIViewControllerExtensionsTests.swift in Sources */,
				CDA53C0F2A029E0400B5DFF8 /* ScanViewControllerTests.swift in Sources */,
				CDF0A2752A0397C300941C56 /* UIViewExtensionTests.swift in Sources */,
				CDA53C112A02AB7B00B5DFF8 /* ScanPresenterTests.swift in Sources */,
				CD606D422A0353C2002416C3 /* ExpressionFactory.swift in Sources */,
				CDF0A2732A038FDD00941C56 /* FileServiceTests.swift in Sources */,
				CDA53C132A02B8C600B5DFF8 /* ScanInteractorTests.swift in Sources */,
				CDA339872A035EA00079B7A6 /* OCRServiceTests.swift in Sources */,
			);
			runOnlyForDeploymentPostprocessing = 0;
		};
/* End PBXSourcesBuildPhase section */

/* Begin PBXTargetDependency section */
		CDA53C022A029D7900B5DFF8 /* PBXTargetDependency */ = {
			isa = PBXTargetDependency;
			target = CD73321129FCEFDA00899ECC /* Scan me! calculator */;
			targetProxy = CDA53C012A029D7900B5DFF8 /* PBXContainerItemProxy */;
		};
/* End PBXTargetDependency section */

/* Begin PBXVariantGroup section */
		CD73322029FCEFDB00899ECC /* LaunchScreen.storyboard */ = {
			isa = PBXVariantGroup;
			children = (
				CD73322129FCEFDB00899ECC /* Base */,
			);
			name = LaunchScreen.storyboard;
			sourceTree = "<group>";
		};
/* End PBXVariantGroup section */

/* Begin XCBuildConfiguration section */
		CD73322429FCEFDB00899ECC /* Debug */ = {
			isa = XCBuildConfiguration;
			buildSettings = {
				ALWAYS_SEARCH_USER_PATHS = NO;
				CLANG_ANALYZER_NONNULL = YES;
				CLANG_ANALYZER_NUMBER_OBJECT_CONVERSION = YES_AGGRESSIVE;
				CLANG_CXX_LANGUAGE_STANDARD = "gnu++20";
				CLANG_ENABLE_MODULES = YES;
				CLANG_ENABLE_OBJC_ARC = YES;
				CLANG_ENABLE_OBJC_WEAK = YES;
				CLANG_WARN_BLOCK_CAPTURE_AUTORELEASING = YES;
				CLANG_WARN_BOOL_CONVERSION = YES;
				CLANG_WARN_COMMA = YES;
				CLANG_WARN_CONSTANT_CONVERSION = YES;
				CLANG_WARN_DEPRECATED_OBJC_IMPLEMENTATIONS = YES;
				CLANG_WARN_DIRECT_OBJC_ISA_USAGE = YES_ERROR;
				CLANG_WARN_DOCUMENTATION_COMMENTS = YES;
				CLANG_WARN_EMPTY_BODY = YES;
				CLANG_WARN_ENUM_CONVERSION = YES;
				CLANG_WARN_INFINITE_RECURSION = YES;
				CLANG_WARN_INT_CONVERSION = YES;
				CLANG_WARN_NON_LITERAL_NULL_CONVERSION = YES;
				CLANG_WARN_OBJC_IMPLICIT_RETAIN_SELF = YES;
				CLANG_WARN_OBJC_LITERAL_CONVERSION = YES;
				CLANG_WARN_OBJC_ROOT_CLASS = YES_ERROR;
				CLANG_WARN_QUOTED_INCLUDE_IN_FRAMEWORK_HEADER = YES;
				CLANG_WARN_RANGE_LOOP_ANALYSIS = YES;
				CLANG_WARN_STRICT_PROTOTYPES = YES;
				CLANG_WARN_SUSPICIOUS_MOVE = YES;
				CLANG_WARN_UNGUARDED_AVAILABILITY = YES_AGGRESSIVE;
				CLANG_WARN_UNREACHABLE_CODE = YES;
				CLANG_WARN__DUPLICATE_METHOD_MATCH = YES;
				COPY_PHASE_STRIP = NO;
				DEBUG_INFORMATION_FORMAT = dwarf;
				ENABLE_STRICT_OBJC_MSGSEND = YES;
				ENABLE_TESTABILITY = YES;
				GCC_C_LANGUAGE_STANDARD = gnu11;
				GCC_DYNAMIC_NO_PIC = NO;
				GCC_NO_COMMON_BLOCKS = YES;
				GCC_OPTIMIZATION_LEVEL = 0;
				GCC_PREPROCESSOR_DEFINITIONS = (
					"DEBUG=1",
					"$(inherited)",
				);
				GCC_WARN_64_TO_32_BIT_CONVERSION = YES;
				GCC_WARN_ABOUT_RETURN_TYPE = YES_ERROR;
				GCC_WARN_UNDECLARED_SELECTOR = YES;
				GCC_WARN_UNINITIALIZED_AUTOS = YES_AGGRESSIVE;
				GCC_WARN_UNUSED_FUNCTION = YES;
				GCC_WARN_UNUSED_VARIABLE = YES;
				IPHONEOS_DEPLOYMENT_TARGET = 13.0;
				MTL_ENABLE_DEBUG_INFO = INCLUDE_SOURCE;
				MTL_FAST_MATH = YES;
				ONLY_ACTIVE_ARCH = YES;
				SDKROOT = iphoneos;
				SWIFT_ACTIVE_COMPILATION_CONDITIONS = DEBUG;
				SWIFT_OPTIMIZATION_LEVEL = "-Onone";
			};
			name = Debug;
		};
		CD73322529FCEFDB00899ECC /* Release */ = {
			isa = XCBuildConfiguration;
			buildSettings = {
				ALWAYS_SEARCH_USER_PATHS = NO;
				CLANG_ANALYZER_NONNULL = YES;
				CLANG_ANALYZER_NUMBER_OBJECT_CONVERSION = YES_AGGRESSIVE;
				CLANG_CXX_LANGUAGE_STANDARD = "gnu++20";
				CLANG_ENABLE_MODULES = YES;
				CLANG_ENABLE_OBJC_ARC = YES;
				CLANG_ENABLE_OBJC_WEAK = YES;
				CLANG_WARN_BLOCK_CAPTURE_AUTORELEASING = YES;
				CLANG_WARN_BOOL_CONVERSION = YES;
				CLANG_WARN_COMMA = YES;
				CLANG_WARN_CONSTANT_CONVERSION = YES;
				CLANG_WARN_DEPRECATED_OBJC_IMPLEMENTATIONS = YES;
				CLANG_WARN_DIRECT_OBJC_ISA_USAGE = YES_ERROR;
				CLANG_WARN_DOCUMENTATION_COMMENTS = YES;
				CLANG_WARN_EMPTY_BODY = YES;
				CLANG_WARN_ENUM_CONVERSION = YES;
				CLANG_WARN_INFINITE_RECURSION = YES;
				CLANG_WARN_INT_CONVERSION = YES;
				CLANG_WARN_NON_LITERAL_NULL_CONVERSION = YES;
				CLANG_WARN_OBJC_IMPLICIT_RETAIN_SELF = YES;
				CLANG_WARN_OBJC_LITERAL_CONVERSION = YES;
				CLANG_WARN_OBJC_ROOT_CLASS = YES_ERROR;
				CLANG_WARN_QUOTED_INCLUDE_IN_FRAMEWORK_HEADER = YES;
				CLANG_WARN_RANGE_LOOP_ANALYSIS = YES;
				CLANG_WARN_STRICT_PROTOTYPES = YES;
				CLANG_WARN_SUSPICIOUS_MOVE = YES;
				CLANG_WARN_UNGUARDED_AVAILABILITY = YES_AGGRESSIVE;
				CLANG_WARN_UNREACHABLE_CODE = YES;
				CLANG_WARN__DUPLICATE_METHOD_MATCH = YES;
				COPY_PHASE_STRIP = NO;
				DEBUG_INFORMATION_FORMAT = "dwarf-with-dsym";
				ENABLE_NS_ASSERTIONS = NO;
				ENABLE_STRICT_OBJC_MSGSEND = YES;
				GCC_C_LANGUAGE_STANDARD = gnu11;
				GCC_NO_COMMON_BLOCKS = YES;
				GCC_WARN_64_TO_32_BIT_CONVERSION = YES;
				GCC_WARN_ABOUT_RETURN_TYPE = YES_ERROR;
				GCC_WARN_UNDECLARED_SELECTOR = YES;
				GCC_WARN_UNINITIALIZED_AUTOS = YES_AGGRESSIVE;
				GCC_WARN_UNUSED_FUNCTION = YES;
				GCC_WARN_UNUSED_VARIABLE = YES;
				IPHONEOS_DEPLOYMENT_TARGET = 13.0;
				MTL_ENABLE_DEBUG_INFO = NO;
				MTL_FAST_MATH = YES;
				SDKROOT = iphoneos;
				SWIFT_COMPILATION_MODE = wholemodule;
				SWIFT_OPTIMIZATION_LEVEL = "-O";
				VALIDATE_PRODUCT = YES;
			};
			name = Release;
		};
		CD73322729FCEFDB00899ECC /* Debug */ = {
			isa = XCBuildConfiguration;
			baseConfigurationReference = D4042106BC0F70D34A0B438F /* Pods-Scan me! calculator.debug.xcconfig */;
			buildSettings = {
				ASSETCATALOG_COMPILER_APPICON_NAME = AppIcon;
				ASSETCATALOG_COMPILER_GLOBAL_ACCENT_COLOR_NAME = AccentColor;
				CODE_SIGN_STYLE = Automatic;
				CURRENT_PROJECT_VERSION = 1;
				DEVELOPMENT_TEAM = T2FQ2ETBMW;
				GENERATE_INFOPLIST_FILE = YES;
				INFOPLIST_FILE = "Scan me! calculator/Info.plist";
				INFOPLIST_KEY_NSCameraUsageDescription = "$(PRODUCT_NAME) needs access to your camera to scan images and recognize text.";
				INFOPLIST_KEY_NSPhotoLibraryUsageDescription = "$(PRODUCT_NAME) needs access to your photo library to scan images and recognize text.";
				INFOPLIST_KEY_UIApplicationSupportsIndirectInputEvents = YES;
				INFOPLIST_KEY_UILaunchStoryboardName = LaunchScreen.storyboard;
				INFOPLIST_KEY_UISupportedInterfaceOrientations = UIInterfaceOrientationPortrait;
				INFOPLIST_KEY_UISupportedInterfaceOrientations_iPad = "UIInterfaceOrientationLandscapeLeft UIInterfaceOrientationLandscapeRight UIInterfaceOrientationPortrait UIInterfaceOrientationPortraitUpsideDown";
				IPHONEOS_DEPLOYMENT_TARGET = 13.0;
				LD_RUNPATH_SEARCH_PATHS = (
					"$(inherited)",
					"@executable_path/Frameworks",
				);
				MARKETING_VERSION = 1.0;
				OTHER_SWIFT_FLAGS = "-DTHEME_RED -DMEDIA_GALLERY";
				PRODUCT_BUNDLE_IDENTIFIER = com.gorgom.scanme;
				PRODUCT_NAME = ScanMe;
				SUPPORTED_PLATFORMS = "iphoneos iphonesimulator";
				SUPPORTS_MACCATALYST = NO;
				SUPPORTS_MAC_DESIGNED_FOR_IPHONE_IPAD = NO;
				SWIFT_EMIT_LOC_STRINGS = YES;
				SWIFT_VERSION = 5.0;
				TARGETED_DEVICE_FAMILY = 1;
			};
			name = Debug;
		};
		CD73322829FCEFDB00899ECC /* Release */ = {
			isa = XCBuildConfiguration;
			baseConfigurationReference = BD99064B3A75465D0D85AB7B /* Pods-Scan me! calculator.release.xcconfig */;
			buildSettings = {
				ASSETCATALOG_COMPILER_APPICON_NAME = AppIcon;
				ASSETCATALOG_COMPILER_GLOBAL_ACCENT_COLOR_NAME = AccentColor;
				CODE_SIGN_STYLE = Automatic;
				CURRENT_PROJECT_VERSION = 1;
				DEVELOPMENT_TEAM = T2FQ2ETBMW;
				GENERATE_INFOPLIST_FILE = YES;
				INFOPLIST_FILE = "Scan me! calculator/Info.plist";
				INFOPLIST_KEY_NSCameraUsageDescription = "$(PRODUCT_NAME) needs access to your camera to scan images and recognize text.";
				INFOPLIST_KEY_NSPhotoLibraryUsageDescription = "$(PRODUCT_NAME) needs access to your photo library to scan images and recognize text.";
				INFOPLIST_KEY_UIApplicationSupportsIndirectInputEvents = YES;
				INFOPLIST_KEY_UILaunchStoryboardName = LaunchScreen.storyboard;
				INFOPLIST_KEY_UISupportedInterfaceOrientations = UIInterfaceOrientationPortrait;
				INFOPLIST_KEY_UISupportedInterfaceOrientations_iPad = "UIInterfaceOrientationLandscapeLeft UIInterfaceOrientationLandscapeRight UIInterfaceOrientationPortrait UIInterfaceOrientationPortraitUpsideDown";
				IPHONEOS_DEPLOYMENT_TARGET = 13.0;
				LD_RUNPATH_SEARCH_PATHS = (
					"$(inherited)",
					"@executable_path/Frameworks",
				);
				MARKETING_VERSION = 1.0;
				OTHER_SWIFT_FLAGS = "-DTHEME_RED -DMEDIA_GALLERY";
				PRODUCT_BUNDLE_IDENTIFIER = com.gorgom.scanme;
				PRODUCT_NAME = ScanMe;
				SUPPORTED_PLATFORMS = "iphoneos iphonesimulator";
				SUPPORTS_MACCATALYST = NO;
				SUPPORTS_MAC_DESIGNED_FOR_IPHONE_IPAD = NO;
				SWIFT_EMIT_LOC_STRINGS = YES;
				SWIFT_VERSION = 5.0;
				TARGETED_DEVICE_FAMILY = 1;
			};
			name = Release;
		};
		CDA53BD62A0294D000B5DFF8 /* Debug-app-green-built-in-camera */ = {
			isa = XCBuildConfiguration;
			buildSettings = {
				ALWAYS_SEARCH_USER_PATHS = NO;
				CLANG_ANALYZER_NONNULL = YES;
				CLANG_ANALYZER_NUMBER_OBJECT_CONVERSION = YES_AGGRESSIVE;
				CLANG_CXX_LANGUAGE_STANDARD = "gnu++20";
				CLANG_ENABLE_MODULES = YES;
				CLANG_ENABLE_OBJC_ARC = YES;
				CLANG_ENABLE_OBJC_WEAK = YES;
				CLANG_WARN_BLOCK_CAPTURE_AUTORELEASING = YES;
				CLANG_WARN_BOOL_CONVERSION = YES;
				CLANG_WARN_COMMA = YES;
				CLANG_WARN_CONSTANT_CONVERSION = YES;
				CLANG_WARN_DEPRECATED_OBJC_IMPLEMENTATIONS = YES;
				CLANG_WARN_DIRECT_OBJC_ISA_USAGE = YES_ERROR;
				CLANG_WARN_DOCUMENTATION_COMMENTS = YES;
				CLANG_WARN_EMPTY_BODY = YES;
				CLANG_WARN_ENUM_CONVERSION = YES;
				CLANG_WARN_INFINITE_RECURSION = YES;
				CLANG_WARN_INT_CONVERSION = YES;
				CLANG_WARN_NON_LITERAL_NULL_CONVERSION = YES;
				CLANG_WARN_OBJC_IMPLICIT_RETAIN_SELF = YES;
				CLANG_WARN_OBJC_LITERAL_CONVERSION = YES;
				CLANG_WARN_OBJC_ROOT_CLASS = YES_ERROR;
				CLANG_WARN_QUOTED_INCLUDE_IN_FRAMEWORK_HEADER = YES;
				CLANG_WARN_RANGE_LOOP_ANALYSIS = YES;
				CLANG_WARN_STRICT_PROTOTYPES = YES;
				CLANG_WARN_SUSPICIOUS_MOVE = YES;
				CLANG_WARN_UNGUARDED_AVAILABILITY = YES_AGGRESSIVE;
				CLANG_WARN_UNREACHABLE_CODE = YES;
				CLANG_WARN__DUPLICATE_METHOD_MATCH = YES;
				COPY_PHASE_STRIP = NO;
				DEBUG_INFORMATION_FORMAT = dwarf;
				ENABLE_STRICT_OBJC_MSGSEND = YES;
				ENABLE_TESTABILITY = YES;
				GCC_C_LANGUAGE_STANDARD = gnu11;
				GCC_DYNAMIC_NO_PIC = NO;
				GCC_NO_COMMON_BLOCKS = YES;
				GCC_OPTIMIZATION_LEVEL = 0;
				GCC_PREPROCESSOR_DEFINITIONS = (
					"DEBUG=1",
					"$(inherited)",
				);
				GCC_WARN_64_TO_32_BIT_CONVERSION = YES;
				GCC_WARN_ABOUT_RETURN_TYPE = YES_ERROR;
				GCC_WARN_UNDECLARED_SELECTOR = YES;
				GCC_WARN_UNINITIALIZED_AUTOS = YES_AGGRESSIVE;
				GCC_WARN_UNUSED_FUNCTION = YES;
				GCC_WARN_UNUSED_VARIABLE = YES;
				IPHONEOS_DEPLOYMENT_TARGET = 13.0;
				MTL_ENABLE_DEBUG_INFO = INCLUDE_SOURCE;
				MTL_FAST_MATH = YES;
				ONLY_ACTIVE_ARCH = YES;
				SDKROOT = iphoneos;
				SWIFT_ACTIVE_COMPILATION_CONDITIONS = DEBUG;
				SWIFT_OPTIMIZATION_LEVEL = "-Onone";
			};
			name = "Debug-app-green-built-in-camera";
		};
		CDA53BD72A0294D000B5DFF8 /* Debug-app-green-built-in-camera */ = {
			isa = XCBuildConfiguration;
			baseConfigurationReference = B47BDB5BBAE2ADA44040A34E /* Pods-Scan me! calculator.debug-app-green-camera-roll.xcconfig */;
			buildSettings = {
				ASSETCATALOG_COMPILER_APPICON_NAME = AppIcon;
				ASSETCATALOG_COMPILER_GLOBAL_ACCENT_COLOR_NAME = AccentColor;
				CODE_SIGN_STYLE = Automatic;
				CURRENT_PROJECT_VERSION = 1;
				DEVELOPMENT_TEAM = T2FQ2ETBMW;
				GENERATE_INFOPLIST_FILE = YES;
				INFOPLIST_FILE = "Scan me! calculator/Info.plist";
				INFOPLIST_KEY_NSCameraUsageDescription = "$(PRODUCT_NAME) needs access to your camera to scan images and recognize text.";
				INFOPLIST_KEY_NSPhotoLibraryUsageDescription = "$(PRODUCT_NAME) needs access to your photo library to scan images and recognize text.";
				INFOPLIST_KEY_UIApplicationSupportsIndirectInputEvents = YES;
				INFOPLIST_KEY_UILaunchStoryboardName = LaunchScreen.storyboard;
				INFOPLIST_KEY_UISupportedInterfaceOrientations = UIInterfaceOrientationPortrait;
				INFOPLIST_KEY_UISupportedInterfaceOrientations_iPad = "UIInterfaceOrientationLandscapeLeft UIInterfaceOrientationLandscapeRight UIInterfaceOrientationPortrait UIInterfaceOrientationPortraitUpsideDown";
				IPHONEOS_DEPLOYMENT_TARGET = 13.0;
				LD_RUNPATH_SEARCH_PATHS = (
					"$(inherited)",
					"@executable_path/Frameworks",
				);
				MARKETING_VERSION = 1.0;
				OTHER_SWIFT_FLAGS = "-DTHEME_GREEN -DMEDIA_CAMERA";
				PRODUCT_BUNDLE_IDENTIFIER = com.gorgom.scanme;
				PRODUCT_NAME = ScanMe;
				SUPPORTED_PLATFORMS = "iphoneos iphonesimulator";
				SUPPORTS_MACCATALYST = NO;
				SUPPORTS_MAC_DESIGNED_FOR_IPHONE_IPAD = NO;
				SWIFT_EMIT_LOC_STRINGS = YES;
				SWIFT_VERSION = 5.0;
				TARGETED_DEVICE_FAMILY = 1;
			};
			name = "Debug-app-green-built-in-camera";
		};
		CDA53BD82A0294FD00B5DFF8 /* Release-app-green-built-in-camera */ = {
			isa = XCBuildConfiguration;
			buildSettings = {
				ALWAYS_SEARCH_USER_PATHS = NO;
				CLANG_ANALYZER_NONNULL = YES;
				CLANG_ANALYZER_NUMBER_OBJECT_CONVERSION = YES_AGGRESSIVE;
				CLANG_CXX_LANGUAGE_STANDARD = "gnu++20";
				CLANG_ENABLE_MODULES = YES;
				CLANG_ENABLE_OBJC_ARC = YES;
				CLANG_ENABLE_OBJC_WEAK = YES;
				CLANG_WARN_BLOCK_CAPTURE_AUTORELEASING = YES;
				CLANG_WARN_BOOL_CONVERSION = YES;
				CLANG_WARN_COMMA = YES;
				CLANG_WARN_CONSTANT_CONVERSION = YES;
				CLANG_WARN_DEPRECATED_OBJC_IMPLEMENTATIONS = YES;
				CLANG_WARN_DIRECT_OBJC_ISA_USAGE = YES_ERROR;
				CLANG_WARN_DOCUMENTATION_COMMENTS = YES;
				CLANG_WARN_EMPTY_BODY = YES;
				CLANG_WARN_ENUM_CONVERSION = YES;
				CLANG_WARN_INFINITE_RECURSION = YES;
				CLANG_WARN_INT_CONVERSION = YES;
				CLANG_WARN_NON_LITERAL_NULL_CONVERSION = YES;
				CLANG_WARN_OBJC_IMPLICIT_RETAIN_SELF = YES;
				CLANG_WARN_OBJC_LITERAL_CONVERSION = YES;
				CLANG_WARN_OBJC_ROOT_CLASS = YES_ERROR;
				CLANG_WARN_QUOTED_INCLUDE_IN_FRAMEWORK_HEADER = YES;
				CLANG_WARN_RANGE_LOOP_ANALYSIS = YES;
				CLANG_WARN_STRICT_PROTOTYPES = YES;
				CLANG_WARN_SUSPICIOUS_MOVE = YES;
				CLANG_WARN_UNGUARDED_AVAILABILITY = YES_AGGRESSIVE;
				CLANG_WARN_UNREACHABLE_CODE = YES;
				CLANG_WARN__DUPLICATE_METHOD_MATCH = YES;
				COPY_PHASE_STRIP = NO;
				DEBUG_INFORMATION_FORMAT = "dwarf-with-dsym";
				ENABLE_NS_ASSERTIONS = NO;
				ENABLE_STRICT_OBJC_MSGSEND = YES;
				GCC_C_LANGUAGE_STANDARD = gnu11;
				GCC_NO_COMMON_BLOCKS = YES;
				GCC_WARN_64_TO_32_BIT_CONVERSION = YES;
				GCC_WARN_ABOUT_RETURN_TYPE = YES_ERROR;
				GCC_WARN_UNDECLARED_SELECTOR = YES;
				GCC_WARN_UNINITIALIZED_AUTOS = YES_AGGRESSIVE;
				GCC_WARN_UNUSED_FUNCTION = YES;
				GCC_WARN_UNUSED_VARIABLE = YES;
				IPHONEOS_DEPLOYMENT_TARGET = 13.0;
				MTL_ENABLE_DEBUG_INFO = NO;
				MTL_FAST_MATH = YES;
				SDKROOT = iphoneos;
				SWIFT_COMPILATION_MODE = wholemodule;
				SWIFT_OPTIMIZATION_LEVEL = "-O";
				VALIDATE_PRODUCT = YES;
			};
			name = "Release-app-green-built-in-camera";
		};
		CDA53BD92A0294FD00B5DFF8 /* Release-app-green-built-in-camera */ = {
			isa = XCBuildConfiguration;
			baseConfigurationReference = 84DCB8E23A3F1EBCA8113023 /* Pods-Scan me! calculator.release-app-green-camera-roll.xcconfig */;
			buildSettings = {
				ASSETCATALOG_COMPILER_APPICON_NAME = AppIcon;
				ASSETCATALOG_COMPILER_GLOBAL_ACCENT_COLOR_NAME = AccentColor;
				CODE_SIGN_STYLE = Automatic;
				CURRENT_PROJECT_VERSION = 1;
				DEVELOPMENT_TEAM = T2FQ2ETBMW;
				GENERATE_INFOPLIST_FILE = YES;
				INFOPLIST_FILE = "Scan me! calculator/Info.plist";
				INFOPLIST_KEY_NSCameraUsageDescription = "$(PRODUCT_NAME) needs access to your camera to scan images and recognize text.";
				INFOPLIST_KEY_NSPhotoLibraryUsageDescription = "$(PRODUCT_NAME) needs access to your photo library to scan images and recognize text.";
				INFOPLIST_KEY_UIApplicationSupportsIndirectInputEvents = YES;
				INFOPLIST_KEY_UILaunchStoryboardName = LaunchScreen.storyboard;
				INFOPLIST_KEY_UISupportedInterfaceOrientations = UIInterfaceOrientationPortrait;
				INFOPLIST_KEY_UISupportedInterfaceOrientations_iPad = "UIInterfaceOrientationLandscapeLeft UIInterfaceOrientationLandscapeRight UIInterfaceOrientationPortrait UIInterfaceOrientationPortraitUpsideDown";
				IPHONEOS_DEPLOYMENT_TARGET = 13.0;
				LD_RUNPATH_SEARCH_PATHS = (
					"$(inherited)",
					"@executable_path/Frameworks",
				);
				MARKETING_VERSION = 1.0;
				OTHER_SWIFT_FLAGS = "-DTHEME_GREEN -DMEDIA_CAMERA";
				PRODUCT_BUNDLE_IDENTIFIER = com.gorgom.scanme;
				PRODUCT_NAME = ScanMe;
				SUPPORTED_PLATFORMS = "iphoneos iphonesimulator";
				SUPPORTS_MACCATALYST = NO;
				SUPPORTS_MAC_DESIGNED_FOR_IPHONE_IPAD = NO;
				SWIFT_EMIT_LOC_STRINGS = YES;
				SWIFT_VERSION = 5.0;
				TARGETED_DEVICE_FAMILY = 1;
			};
			name = "Release-app-green-built-in-camera";
		};
		CDA53C042A029D7C00B5DFF8 /* Debug */ = {
			isa = XCBuildConfiguration;
			buildSettings = {
				BUNDLE_LOADER = "$(TEST_HOST)";
				CODE_SIGN_STYLE = Automatic;
				CURRENT_PROJECT_VERSION = 1;
				DEVELOPMENT_TEAM = T2FQ2ETBMW;
				GENERATE_INFOPLIST_FILE = YES;
				IPHONEOS_DEPLOYMENT_TARGET = 16.0;
				MARKETING_VERSION = 1.0;
				PRODUCT_BUNDLE_IDENTIFIER = com.gorgom.ScanMeTests;
				PRODUCT_NAME = "$(TARGET_NAME)";
				SWIFT_EMIT_LOC_STRINGS = NO;
				SWIFT_VERSION = 5.0;
				TARGETED_DEVICE_FAMILY = "1,2";
				TEST_HOST = "$(BUILT_PRODUCTS_DIR)/ScanMe.app/$(BUNDLE_EXECUTABLE_FOLDER_PATH)/ScanMe";
			};
			name = Debug;
		};
		CDA53C052A029D7C00B5DFF8 /* Debug-app-red-camera-roll */ = {
			isa = XCBuildConfiguration;
			buildSettings = {
				BUNDLE_LOADER = "$(TEST_HOST)";
				CODE_SIGN_STYLE = Automatic;
				CURRENT_PROJECT_VERSION = 1;
				DEVELOPMENT_TEAM = T2FQ2ETBMW;
				GENERATE_INFOPLIST_FILE = YES;
				IPHONEOS_DEPLOYMENT_TARGET = 16.0;
				MARKETING_VERSION = 1.0;
				PRODUCT_BUNDLE_IDENTIFIER = com.gorgom.ScanMeTests;
				PRODUCT_NAME = "$(TARGET_NAME)";
				SWIFT_EMIT_LOC_STRINGS = NO;
				SWIFT_VERSION = 5.0;
				TARGETED_DEVICE_FAMILY = "1,2";
				TEST_HOST = "$(BUILT_PRODUCTS_DIR)/ScanMe.app/$(BUNDLE_EXECUTABLE_FOLDER_PATH)/ScanMe";
			};
			name = "Debug-app-red-camera-roll";
		};
		CDA53C062A029D7C00B5DFF8 /* Debug-app-red-built-in-camera */ = {
			isa = XCBuildConfiguration;
			buildSettings = {
				BUNDLE_LOADER = "$(TEST_HOST)";
				CODE_SIGN_STYLE = Automatic;
				CURRENT_PROJECT_VERSION = 1;
				DEVELOPMENT_TEAM = T2FQ2ETBMW;
				GENERATE_INFOPLIST_FILE = YES;
				IPHONEOS_DEPLOYMENT_TARGET = 16.0;
				MARKETING_VERSION = 1.0;
				PRODUCT_BUNDLE_IDENTIFIER = com.gorgom.ScanMeTests;
				PRODUCT_NAME = "$(TARGET_NAME)";
				SWIFT_EMIT_LOC_STRINGS = NO;
				SWIFT_VERSION = 5.0;
				TARGETED_DEVICE_FAMILY = "1,2";
				TEST_HOST = "$(BUILT_PRODUCTS_DIR)/ScanMe.app/$(BUNDLE_EXECUTABLE_FOLDER_PATH)/ScanMe";
			};
			name = "Debug-app-red-built-in-camera";
		};
		CDA53C072A029D7C00B5DFF8 /* Debug-app-green-camera-roll */ = {
			isa = XCBuildConfiguration;
			buildSettings = {
				BUNDLE_LOADER = "$(TEST_HOST)";
				CODE_SIGN_STYLE = Automatic;
				CURRENT_PROJECT_VERSION = 1;
				DEVELOPMENT_TEAM = T2FQ2ETBMW;
				GENERATE_INFOPLIST_FILE = YES;
				IPHONEOS_DEPLOYMENT_TARGET = 16.0;
				MARKETING_VERSION = 1.0;
				PRODUCT_BUNDLE_IDENTIFIER = com.gorgom.ScanMeTests;
				PRODUCT_NAME = "$(TARGET_NAME)";
				SWIFT_EMIT_LOC_STRINGS = NO;
				SWIFT_VERSION = 5.0;
				TARGETED_DEVICE_FAMILY = "1,2";
				TEST_HOST = "$(BUILT_PRODUCTS_DIR)/ScanMe.app/$(BUNDLE_EXECUTABLE_FOLDER_PATH)/ScanMe";
			};
			name = "Debug-app-green-camera-roll";
		};
		CDA53C082A029D7C00B5DFF8 /* Debug-app-green-built-in-camera */ = {
			isa = XCBuildConfiguration;
			buildSettings = {
				BUNDLE_LOADER = "$(TEST_HOST)";
				CODE_SIGN_STYLE = Automatic;
				CURRENT_PROJECT_VERSION = 1;
				DEVELOPMENT_TEAM = T2FQ2ETBMW;
				GENERATE_INFOPLIST_FILE = YES;
				IPHONEOS_DEPLOYMENT_TARGET = 16.0;
				MARKETING_VERSION = 1.0;
				PRODUCT_BUNDLE_IDENTIFIER = com.gorgom.ScanMeTests;
				PRODUCT_NAME = "$(TARGET_NAME)";
				SWIFT_EMIT_LOC_STRINGS = NO;
				SWIFT_VERSION = 5.0;
				TARGETED_DEVICE_FAMILY = "1,2";
				TEST_HOST = "$(BUILT_PRODUCTS_DIR)/ScanMe.app/$(BUNDLE_EXECUTABLE_FOLDER_PATH)/ScanMe";
			};
			name = "Debug-app-green-built-in-camera";
		};
		CDA53C092A029D7C00B5DFF8 /* Release */ = {
			isa = XCBuildConfiguration;
			buildSettings = {
				BUNDLE_LOADER = "$(TEST_HOST)";
				CODE_SIGN_STYLE = Automatic;
				CURRENT_PROJECT_VERSION = 1;
				DEVELOPMENT_TEAM = T2FQ2ETBMW;
				GENERATE_INFOPLIST_FILE = YES;
				IPHONEOS_DEPLOYMENT_TARGET = 16.0;
				MARKETING_VERSION = 1.0;
				PRODUCT_BUNDLE_IDENTIFIER = com.gorgom.ScanMeTests;
				PRODUCT_NAME = "$(TARGET_NAME)";
				SWIFT_EMIT_LOC_STRINGS = NO;
				SWIFT_VERSION = 5.0;
				TARGETED_DEVICE_FAMILY = "1,2";
				TEST_HOST = "$(BUILT_PRODUCTS_DIR)/ScanMe.app/$(BUNDLE_EXECUTABLE_FOLDER_PATH)/ScanMe";
			};
			name = Release;
		};
		CDA53C0A2A029D7C00B5DFF8 /* Release-app-red-camera-roll */ = {
			isa = XCBuildConfiguration;
			buildSettings = {
				BUNDLE_LOADER = "$(TEST_HOST)";
				CODE_SIGN_STYLE = Automatic;
				CURRENT_PROJECT_VERSION = 1;
				DEVELOPMENT_TEAM = T2FQ2ETBMW;
				GENERATE_INFOPLIST_FILE = YES;
				IPHONEOS_DEPLOYMENT_TARGET = 16.0;
				MARKETING_VERSION = 1.0;
				PRODUCT_BUNDLE_IDENTIFIER = com.gorgom.ScanMeTests;
				PRODUCT_NAME = "$(TARGET_NAME)";
				SWIFT_EMIT_LOC_STRINGS = NO;
				SWIFT_VERSION = 5.0;
				TARGETED_DEVICE_FAMILY = "1,2";
				TEST_HOST = "$(BUILT_PRODUCTS_DIR)/ScanMe.app/$(BUNDLE_EXECUTABLE_FOLDER_PATH)/ScanMe";
			};
			name = "Release-app-red-camera-roll";
		};
		CDA53C0B2A029D7C00B5DFF8 /* Release-app-red-built-in-camera */ = {
			isa = XCBuildConfiguration;
			buildSettings = {
				BUNDLE_LOADER = "$(TEST_HOST)";
				CODE_SIGN_STYLE = Automatic;
				CURRENT_PROJECT_VERSION = 1;
				DEVELOPMENT_TEAM = T2FQ2ETBMW;
				GENERATE_INFOPLIST_FILE = YES;
				IPHONEOS_DEPLOYMENT_TARGET = 16.0;
				MARKETING_VERSION = 1.0;
				PRODUCT_BUNDLE_IDENTIFIER = com.gorgom.ScanMeTests;
				PRODUCT_NAME = "$(TARGET_NAME)";
				SWIFT_EMIT_LOC_STRINGS = NO;
				SWIFT_VERSION = 5.0;
				TARGETED_DEVICE_FAMILY = "1,2";
				TEST_HOST = "$(BUILT_PRODUCTS_DIR)/ScanMe.app/$(BUNDLE_EXECUTABLE_FOLDER_PATH)/ScanMe";
			};
			name = "Release-app-red-built-in-camera";
		};
		CDA53C0C2A029D7C00B5DFF8 /* Release-app-green-camera-roll */ = {
			isa = XCBuildConfiguration;
			buildSettings = {
				BUNDLE_LOADER = "$(TEST_HOST)";
				CODE_SIGN_STYLE = Automatic;
				CURRENT_PROJECT_VERSION = 1;
				DEVELOPMENT_TEAM = T2FQ2ETBMW;
				GENERATE_INFOPLIST_FILE = YES;
				IPHONEOS_DEPLOYMENT_TARGET = 16.0;
				MARKETING_VERSION = 1.0;
				PRODUCT_BUNDLE_IDENTIFIER = com.gorgom.ScanMeTests;
				PRODUCT_NAME = "$(TARGET_NAME)";
				SWIFT_EMIT_LOC_STRINGS = NO;
				SWIFT_VERSION = 5.0;
				TARGETED_DEVICE_FAMILY = "1,2";
				TEST_HOST = "$(BUILT_PRODUCTS_DIR)/ScanMe.app/$(BUNDLE_EXECUTABLE_FOLDER_PATH)/ScanMe";
			};
			name = "Release-app-green-camera-roll";
		};
		CDA53C0D2A029D7C00B5DFF8 /* Release-app-green-built-in-camera */ = {
			isa = XCBuildConfiguration;
			buildSettings = {
				BUNDLE_LOADER = "$(TEST_HOST)";
				CODE_SIGN_STYLE = Automatic;
				CURRENT_PROJECT_VERSION = 1;
				DEVELOPMENT_TEAM = T2FQ2ETBMW;
				GENERATE_INFOPLIST_FILE = YES;
				IPHONEOS_DEPLOYMENT_TARGET = 16.0;
				MARKETING_VERSION = 1.0;
				PRODUCT_BUNDLE_IDENTIFIER = com.gorgom.ScanMeTests;
				PRODUCT_NAME = "$(TARGET_NAME)";
				SWIFT_EMIT_LOC_STRINGS = NO;
				SWIFT_VERSION = 5.0;
				TARGETED_DEVICE_FAMILY = "1,2";
				TEST_HOST = "$(BUILT_PRODUCTS_DIR)/ScanMe.app/$(BUNDLE_EXECUTABLE_FOLDER_PATH)/ScanMe";
			};
			name = "Release-app-green-built-in-camera";
		};
		CDAE86C42A016D5800BCB253 /* Debug-app-red-camera-roll */ = {
			isa = XCBuildConfiguration;
			buildSettings = {
				ALWAYS_SEARCH_USER_PATHS = NO;
				CLANG_ANALYZER_NONNULL = YES;
				CLANG_ANALYZER_NUMBER_OBJECT_CONVERSION = YES_AGGRESSIVE;
				CLANG_CXX_LANGUAGE_STANDARD = "gnu++20";
				CLANG_ENABLE_MODULES = YES;
				CLANG_ENABLE_OBJC_ARC = YES;
				CLANG_ENABLE_OBJC_WEAK = YES;
				CLANG_WARN_BLOCK_CAPTURE_AUTORELEASING = YES;
				CLANG_WARN_BOOL_CONVERSION = YES;
				CLANG_WARN_COMMA = YES;
				CLANG_WARN_CONSTANT_CONVERSION = YES;
				CLANG_WARN_DEPRECATED_OBJC_IMPLEMENTATIONS = YES;
				CLANG_WARN_DIRECT_OBJC_ISA_USAGE = YES_ERROR;
				CLANG_WARN_DOCUMENTATION_COMMENTS = YES;
				CLANG_WARN_EMPTY_BODY = YES;
				CLANG_WARN_ENUM_CONVERSION = YES;
				CLANG_WARN_INFINITE_RECURSION = YES;
				CLANG_WARN_INT_CONVERSION = YES;
				CLANG_WARN_NON_LITERAL_NULL_CONVERSION = YES;
				CLANG_WARN_OBJC_IMPLICIT_RETAIN_SELF = YES;
				CLANG_WARN_OBJC_LITERAL_CONVERSION = YES;
				CLANG_WARN_OBJC_ROOT_CLASS = YES_ERROR;
				CLANG_WARN_QUOTED_INCLUDE_IN_FRAMEWORK_HEADER = YES;
				CLANG_WARN_RANGE_LOOP_ANALYSIS = YES;
				CLANG_WARN_STRICT_PROTOTYPES = YES;
				CLANG_WARN_SUSPICIOUS_MOVE = YES;
				CLANG_WARN_UNGUARDED_AVAILABILITY = YES_AGGRESSIVE;
				CLANG_WARN_UNREACHABLE_CODE = YES;
				CLANG_WARN__DUPLICATE_METHOD_MATCH = YES;
				COPY_PHASE_STRIP = NO;
				DEBUG_INFORMATION_FORMAT = dwarf;
				ENABLE_STRICT_OBJC_MSGSEND = YES;
				ENABLE_TESTABILITY = YES;
				GCC_C_LANGUAGE_STANDARD = gnu11;
				GCC_DYNAMIC_NO_PIC = NO;
				GCC_NO_COMMON_BLOCKS = YES;
				GCC_OPTIMIZATION_LEVEL = 0;
				GCC_PREPROCESSOR_DEFINITIONS = (
					"DEBUG=1",
					"$(inherited)",
				);
				GCC_WARN_64_TO_32_BIT_CONVERSION = YES;
				GCC_WARN_ABOUT_RETURN_TYPE = YES_ERROR;
				GCC_WARN_UNDECLARED_SELECTOR = YES;
				GCC_WARN_UNINITIALIZED_AUTOS = YES_AGGRESSIVE;
				GCC_WARN_UNUSED_FUNCTION = YES;
				GCC_WARN_UNUSED_VARIABLE = YES;
				IPHONEOS_DEPLOYMENT_TARGET = 13.0;
				MTL_ENABLE_DEBUG_INFO = INCLUDE_SOURCE;
				MTL_FAST_MATH = YES;
				ONLY_ACTIVE_ARCH = YES;
				SDKROOT = iphoneos;
				SWIFT_ACTIVE_COMPILATION_CONDITIONS = DEBUG;
				SWIFT_OPTIMIZATION_LEVEL = "-Onone";
			};
			name = "Debug-app-red-camera-roll";
		};
		CDAE86C52A016D5800BCB253 /* Debug-app-red-camera-roll */ = {
			isa = XCBuildConfiguration;
			baseConfigurationReference = 5CB2E1FD1ABDFA6902B6A5A0 /* Pods-Scan me! calculator.debug-app-red-camera-roll.xcconfig */;
			buildSettings = {
				ASSETCATALOG_COMPILER_APPICON_NAME = AppIcon;
				ASSETCATALOG_COMPILER_GLOBAL_ACCENT_COLOR_NAME = AccentColor;
				CODE_SIGN_STYLE = Automatic;
				CURRENT_PROJECT_VERSION = 1;
				DEVELOPMENT_TEAM = T2FQ2ETBMW;
				GENERATE_INFOPLIST_FILE = YES;
				INFOPLIST_FILE = "Scan me! calculator/Info.plist";
				INFOPLIST_KEY_NSCameraUsageDescription = "$(PRODUCT_NAME) needs access to your camera to scan images and recognize text.";
				INFOPLIST_KEY_NSPhotoLibraryUsageDescription = "$(PRODUCT_NAME) needs access to your photo library to scan images and recognize text.";
				INFOPLIST_KEY_UIApplicationSupportsIndirectInputEvents = YES;
				INFOPLIST_KEY_UILaunchStoryboardName = LaunchScreen.storyboard;
				INFOPLIST_KEY_UISupportedInterfaceOrientations = UIInterfaceOrientationPortrait;
				INFOPLIST_KEY_UISupportedInterfaceOrientations_iPad = "UIInterfaceOrientationLandscapeLeft UIInterfaceOrientationLandscapeRight UIInterfaceOrientationPortrait UIInterfaceOrientationPortraitUpsideDown";
				IPHONEOS_DEPLOYMENT_TARGET = 13.0;
				LD_RUNPATH_SEARCH_PATHS = (
					"$(inherited)",
					"@executable_path/Frameworks",
				);
				MARKETING_VERSION = 1.0;
				OTHER_SWIFT_FLAGS = "-DTHEME_RED -DMEDIA_GALLERY";
				PRODUCT_BUNDLE_IDENTIFIER = com.gorgom.scanme;
				PRODUCT_NAME = ScanMe;
				SUPPORTED_PLATFORMS = "iphoneos iphonesimulator";
				SUPPORTS_MACCATALYST = NO;
				SUPPORTS_MAC_DESIGNED_FOR_IPHONE_IPAD = NO;
				SWIFT_EMIT_LOC_STRINGS = YES;
				SWIFT_VERSION = 5.0;
				TARGETED_DEVICE_FAMILY = 1;
			};
			name = "Debug-app-red-camera-roll";
		};
		CDAE86C62A016D7E00BCB253 /* Release-app-red-camera-roll */ = {
			isa = XCBuildConfiguration;
			buildSettings = {
				ALWAYS_SEARCH_USER_PATHS = NO;
				CLANG_ANALYZER_NONNULL = YES;
				CLANG_ANALYZER_NUMBER_OBJECT_CONVERSION = YES_AGGRESSIVE;
				CLANG_CXX_LANGUAGE_STANDARD = "gnu++20";
				CLANG_ENABLE_MODULES = YES;
				CLANG_ENABLE_OBJC_ARC = YES;
				CLANG_ENABLE_OBJC_WEAK = YES;
				CLANG_WARN_BLOCK_CAPTURE_AUTORELEASING = YES;
				CLANG_WARN_BOOL_CONVERSION = YES;
				CLANG_WARN_COMMA = YES;
				CLANG_WARN_CONSTANT_CONVERSION = YES;
				CLANG_WARN_DEPRECATED_OBJC_IMPLEMENTATIONS = YES;
				CLANG_WARN_DIRECT_OBJC_ISA_USAGE = YES_ERROR;
				CLANG_WARN_DOCUMENTATION_COMMENTS = YES;
				CLANG_WARN_EMPTY_BODY = YES;
				CLANG_WARN_ENUM_CONVERSION = YES;
				CLANG_WARN_INFINITE_RECURSION = YES;
				CLANG_WARN_INT_CONVERSION = YES;
				CLANG_WARN_NON_LITERAL_NULL_CONVERSION = YES;
				CLANG_WARN_OBJC_IMPLICIT_RETAIN_SELF = YES;
				CLANG_WARN_OBJC_LITERAL_CONVERSION = YES;
				CLANG_WARN_OBJC_ROOT_CLASS = YES_ERROR;
				CLANG_WARN_QUOTED_INCLUDE_IN_FRAMEWORK_HEADER = YES;
				CLANG_WARN_RANGE_LOOP_ANALYSIS = YES;
				CLANG_WARN_STRICT_PROTOTYPES = YES;
				CLANG_WARN_SUSPICIOUS_MOVE = YES;
				CLANG_WARN_UNGUARDED_AVAILABILITY = YES_AGGRESSIVE;
				CLANG_WARN_UNREACHABLE_CODE = YES;
				CLANG_WARN__DUPLICATE_METHOD_MATCH = YES;
				COPY_PHASE_STRIP = NO;
				DEBUG_INFORMATION_FORMAT = "dwarf-with-dsym";
				ENABLE_NS_ASSERTIONS = NO;
				ENABLE_STRICT_OBJC_MSGSEND = YES;
				GCC_C_LANGUAGE_STANDARD = gnu11;
				GCC_NO_COMMON_BLOCKS = YES;
				GCC_WARN_64_TO_32_BIT_CONVERSION = YES;
				GCC_WARN_ABOUT_RETURN_TYPE = YES_ERROR;
				GCC_WARN_UNDECLARED_SELECTOR = YES;
				GCC_WARN_UNINITIALIZED_AUTOS = YES_AGGRESSIVE;
				GCC_WARN_UNUSED_FUNCTION = YES;
				GCC_WARN_UNUSED_VARIABLE = YES;
				IPHONEOS_DEPLOYMENT_TARGET = 13.0;
				MTL_ENABLE_DEBUG_INFO = NO;
				MTL_FAST_MATH = YES;
				SDKROOT = iphoneos;
				SWIFT_COMPILATION_MODE = wholemodule;
				SWIFT_OPTIMIZATION_LEVEL = "-O";
				VALIDATE_PRODUCT = YES;
			};
			name = "Release-app-red-camera-roll";
		};
		CDAE86C72A016D7E00BCB253 /* Release-app-red-camera-roll */ = {
			isa = XCBuildConfiguration;
			baseConfigurationReference = 67D2EA1B0D06069B6424A190 /* Pods-Scan me! calculator.release-app-red-camera-roll.xcconfig */;
			buildSettings = {
				ASSETCATALOG_COMPILER_APPICON_NAME = AppIcon;
				ASSETCATALOG_COMPILER_GLOBAL_ACCENT_COLOR_NAME = AccentColor;
				CODE_SIGN_STYLE = Automatic;
				CURRENT_PROJECT_VERSION = 1;
				DEVELOPMENT_TEAM = T2FQ2ETBMW;
				GENERATE_INFOPLIST_FILE = YES;
				INFOPLIST_FILE = "Scan me! calculator/Info.plist";
				INFOPLIST_KEY_NSCameraUsageDescription = "$(PRODUCT_NAME) needs access to your camera to scan images and recognize text.";
				INFOPLIST_KEY_NSPhotoLibraryUsageDescription = "$(PRODUCT_NAME) needs access to your photo library to scan images and recognize text.";
				INFOPLIST_KEY_UIApplicationSupportsIndirectInputEvents = YES;
				INFOPLIST_KEY_UILaunchStoryboardName = LaunchScreen.storyboard;
				INFOPLIST_KEY_UISupportedInterfaceOrientations = UIInterfaceOrientationPortrait;
				INFOPLIST_KEY_UISupportedInterfaceOrientations_iPad = "UIInterfaceOrientationLandscapeLeft UIInterfaceOrientationLandscapeRight UIInterfaceOrientationPortrait UIInterfaceOrientationPortraitUpsideDown";
				IPHONEOS_DEPLOYMENT_TARGET = 13.0;
				LD_RUNPATH_SEARCH_PATHS = (
					"$(inherited)",
					"@executable_path/Frameworks",
				);
				MARKETING_VERSION = 1.0;
				OTHER_SWIFT_FLAGS = "-DTHEME_RED -DMEDIA_GALLERY";
				PRODUCT_BUNDLE_IDENTIFIER = com.gorgom.scanme;
				PRODUCT_NAME = ScanMe;
				SUPPORTED_PLATFORMS = "iphoneos iphonesimulator";
				SUPPORTS_MACCATALYST = NO;
				SUPPORTS_MAC_DESIGNED_FOR_IPHONE_IPAD = NO;
				SWIFT_EMIT_LOC_STRINGS = YES;
				SWIFT_VERSION = 5.0;
				TARGETED_DEVICE_FAMILY = 1;
			};
			name = "Release-app-red-camera-roll";
		};
		CDAE86C82A016DC600BCB253 /* Debug-app-green-camera-roll */ = {
			isa = XCBuildConfiguration;
			buildSettings = {
				ALWAYS_SEARCH_USER_PATHS = NO;
				CLANG_ANALYZER_NONNULL = YES;
				CLANG_ANALYZER_NUMBER_OBJECT_CONVERSION = YES_AGGRESSIVE;
				CLANG_CXX_LANGUAGE_STANDARD = "gnu++20";
				CLANG_ENABLE_MODULES = YES;
				CLANG_ENABLE_OBJC_ARC = YES;
				CLANG_ENABLE_OBJC_WEAK = YES;
				CLANG_WARN_BLOCK_CAPTURE_AUTORELEASING = YES;
				CLANG_WARN_BOOL_CONVERSION = YES;
				CLANG_WARN_COMMA = YES;
				CLANG_WARN_CONSTANT_CONVERSION = YES;
				CLANG_WARN_DEPRECATED_OBJC_IMPLEMENTATIONS = YES;
				CLANG_WARN_DIRECT_OBJC_ISA_USAGE = YES_ERROR;
				CLANG_WARN_DOCUMENTATION_COMMENTS = YES;
				CLANG_WARN_EMPTY_BODY = YES;
				CLANG_WARN_ENUM_CONVERSION = YES;
				CLANG_WARN_INFINITE_RECURSION = YES;
				CLANG_WARN_INT_CONVERSION = YES;
				CLANG_WARN_NON_LITERAL_NULL_CONVERSION = YES;
				CLANG_WARN_OBJC_IMPLICIT_RETAIN_SELF = YES;
				CLANG_WARN_OBJC_LITERAL_CONVERSION = YES;
				CLANG_WARN_OBJC_ROOT_CLASS = YES_ERROR;
				CLANG_WARN_QUOTED_INCLUDE_IN_FRAMEWORK_HEADER = YES;
				CLANG_WARN_RANGE_LOOP_ANALYSIS = YES;
				CLANG_WARN_STRICT_PROTOTYPES = YES;
				CLANG_WARN_SUSPICIOUS_MOVE = YES;
				CLANG_WARN_UNGUARDED_AVAILABILITY = YES_AGGRESSIVE;
				CLANG_WARN_UNREACHABLE_CODE = YES;
				CLANG_WARN__DUPLICATE_METHOD_MATCH = YES;
				COPY_PHASE_STRIP = NO;
				DEBUG_INFORMATION_FORMAT = dwarf;
				ENABLE_STRICT_OBJC_MSGSEND = YES;
				ENABLE_TESTABILITY = YES;
				GCC_C_LANGUAGE_STANDARD = gnu11;
				GCC_DYNAMIC_NO_PIC = NO;
				GCC_NO_COMMON_BLOCKS = YES;
				GCC_OPTIMIZATION_LEVEL = 0;
				GCC_PREPROCESSOR_DEFINITIONS = (
					"DEBUG=1",
					"$(inherited)",
				);
				GCC_WARN_64_TO_32_BIT_CONVERSION = YES;
				GCC_WARN_ABOUT_RETURN_TYPE = YES_ERROR;
				GCC_WARN_UNDECLARED_SELECTOR = YES;
				GCC_WARN_UNINITIALIZED_AUTOS = YES_AGGRESSIVE;
				GCC_WARN_UNUSED_FUNCTION = YES;
				GCC_WARN_UNUSED_VARIABLE = YES;
				IPHONEOS_DEPLOYMENT_TARGET = 13.0;
				MTL_ENABLE_DEBUG_INFO = INCLUDE_SOURCE;
				MTL_FAST_MATH = YES;
				ONLY_ACTIVE_ARCH = YES;
				SDKROOT = iphoneos;
				SWIFT_ACTIVE_COMPILATION_CONDITIONS = DEBUG;
				SWIFT_OPTIMIZATION_LEVEL = "-Onone";
			};
			name = "Debug-app-green-camera-roll";
		};
		CDAE86C92A016DC600BCB253 /* Debug-app-green-camera-roll */ = {
			isa = XCBuildConfiguration;
			baseConfigurationReference = B47BDB5BBAE2ADA44040A34E /* Pods-Scan me! calculator.debug-app-green-camera-roll.xcconfig */;
			buildSettings = {
				ASSETCATALOG_COMPILER_APPICON_NAME = AppIcon;
				ASSETCATALOG_COMPILER_GLOBAL_ACCENT_COLOR_NAME = AccentColor;
				CODE_SIGN_STYLE = Automatic;
				CURRENT_PROJECT_VERSION = 1;
				DEVELOPMENT_TEAM = T2FQ2ETBMW;
				GENERATE_INFOPLIST_FILE = YES;
				INFOPLIST_FILE = "Scan me! calculator/Info.plist";
				INFOPLIST_KEY_NSCameraUsageDescription = "$(PRODUCT_NAME) needs access to your camera to scan images and recognize text.";
				INFOPLIST_KEY_NSPhotoLibraryUsageDescription = "$(PRODUCT_NAME) needs access to your photo library to scan images and recognize text.";
				INFOPLIST_KEY_UIApplicationSupportsIndirectInputEvents = YES;
				INFOPLIST_KEY_UILaunchStoryboardName = LaunchScreen.storyboard;
				INFOPLIST_KEY_UISupportedInterfaceOrientations = UIInterfaceOrientationPortrait;
				INFOPLIST_KEY_UISupportedInterfaceOrientations_iPad = "UIInterfaceOrientationLandscapeLeft UIInterfaceOrientationLandscapeRight UIInterfaceOrientationPortrait UIInterfaceOrientationPortraitUpsideDown";
				IPHONEOS_DEPLOYMENT_TARGET = 13.0;
				LD_RUNPATH_SEARCH_PATHS = (
					"$(inherited)",
					"@executable_path/Frameworks",
				);
				MARKETING_VERSION = 1.0;
				OTHER_SWIFT_FLAGS = "-DTHEME_GREEN -DMEDIA_GALLERY";
				PRODUCT_BUNDLE_IDENTIFIER = com.gorgom.scanme;
				PRODUCT_NAME = ScanMe;
				SUPPORTED_PLATFORMS = "iphoneos iphonesimulator";
				SUPPORTS_MACCATALYST = NO;
				SUPPORTS_MAC_DESIGNED_FOR_IPHONE_IPAD = NO;
				SWIFT_EMIT_LOC_STRINGS = YES;
				SWIFT_VERSION = 5.0;
				TARGETED_DEVICE_FAMILY = 1;
			};
			name = "Debug-app-green-camera-roll";
		};
		CDAE86CA2A016DDD00BCB253 /* Release-app-green-camera-roll */ = {
			isa = XCBuildConfiguration;
			buildSettings = {
				ALWAYS_SEARCH_USER_PATHS = NO;
				CLANG_ANALYZER_NONNULL = YES;
				CLANG_ANALYZER_NUMBER_OBJECT_CONVERSION = YES_AGGRESSIVE;
				CLANG_CXX_LANGUAGE_STANDARD = "gnu++20";
				CLANG_ENABLE_MODULES = YES;
				CLANG_ENABLE_OBJC_ARC = YES;
				CLANG_ENABLE_OBJC_WEAK = YES;
				CLANG_WARN_BLOCK_CAPTURE_AUTORELEASING = YES;
				CLANG_WARN_BOOL_CONVERSION = YES;
				CLANG_WARN_COMMA = YES;
				CLANG_WARN_CONSTANT_CONVERSION = YES;
				CLANG_WARN_DEPRECATED_OBJC_IMPLEMENTATIONS = YES;
				CLANG_WARN_DIRECT_OBJC_ISA_USAGE = YES_ERROR;
				CLANG_WARN_DOCUMENTATION_COMMENTS = YES;
				CLANG_WARN_EMPTY_BODY = YES;
				CLANG_WARN_ENUM_CONVERSION = YES;
				CLANG_WARN_INFINITE_RECURSION = YES;
				CLANG_WARN_INT_CONVERSION = YES;
				CLANG_WARN_NON_LITERAL_NULL_CONVERSION = YES;
				CLANG_WARN_OBJC_IMPLICIT_RETAIN_SELF = YES;
				CLANG_WARN_OBJC_LITERAL_CONVERSION = YES;
				CLANG_WARN_OBJC_ROOT_CLASS = YES_ERROR;
				CLANG_WARN_QUOTED_INCLUDE_IN_FRAMEWORK_HEADER = YES;
				CLANG_WARN_RANGE_LOOP_ANALYSIS = YES;
				CLANG_WARN_STRICT_PROTOTYPES = YES;
				CLANG_WARN_SUSPICIOUS_MOVE = YES;
				CLANG_WARN_UNGUARDED_AVAILABILITY = YES_AGGRESSIVE;
				CLANG_WARN_UNREACHABLE_CODE = YES;
				CLANG_WARN__DUPLICATE_METHOD_MATCH = YES;
				COPY_PHASE_STRIP = NO;
				DEBUG_INFORMATION_FORMAT = "dwarf-with-dsym";
				ENABLE_NS_ASSERTIONS = NO;
				ENABLE_STRICT_OBJC_MSGSEND = YES;
				GCC_C_LANGUAGE_STANDARD = gnu11;
				GCC_NO_COMMON_BLOCKS = YES;
				GCC_WARN_64_TO_32_BIT_CONVERSION = YES;
				GCC_WARN_ABOUT_RETURN_TYPE = YES_ERROR;
				GCC_WARN_UNDECLARED_SELECTOR = YES;
				GCC_WARN_UNINITIALIZED_AUTOS = YES_AGGRESSIVE;
				GCC_WARN_UNUSED_FUNCTION = YES;
				GCC_WARN_UNUSED_VARIABLE = YES;
				IPHONEOS_DEPLOYMENT_TARGET = 13.0;
				MTL_ENABLE_DEBUG_INFO = NO;
				MTL_FAST_MATH = YES;
				SDKROOT = iphoneos;
				SWIFT_COMPILATION_MODE = wholemodule;
				SWIFT_OPTIMIZATION_LEVEL = "-O";
				VALIDATE_PRODUCT = YES;
			};
			name = "Release-app-green-camera-roll";
		};
		CDAE86CB2A016DDD00BCB253 /* Release-app-green-camera-roll */ = {
			isa = XCBuildConfiguration;
			baseConfigurationReference = 84DCB8E23A3F1EBCA8113023 /* Pods-Scan me! calculator.release-app-green-camera-roll.xcconfig */;
			buildSettings = {
				ASSETCATALOG_COMPILER_APPICON_NAME = AppIcon;
				ASSETCATALOG_COMPILER_GLOBAL_ACCENT_COLOR_NAME = AccentColor;
				CODE_SIGN_STYLE = Automatic;
				CURRENT_PROJECT_VERSION = 1;
				DEVELOPMENT_TEAM = T2FQ2ETBMW;
				GENERATE_INFOPLIST_FILE = YES;
				INFOPLIST_FILE = "Scan me! calculator/Info.plist";
				INFOPLIST_KEY_NSCameraUsageDescription = "$(PRODUCT_NAME) needs access to your camera to scan images and recognize text.";
				INFOPLIST_KEY_NSPhotoLibraryUsageDescription = "$(PRODUCT_NAME) needs access to your photo library to scan images and recognize text.";
				INFOPLIST_KEY_UIApplicationSupportsIndirectInputEvents = YES;
				INFOPLIST_KEY_UILaunchStoryboardName = LaunchScreen.storyboard;
				INFOPLIST_KEY_UISupportedInterfaceOrientations = UIInterfaceOrientationPortrait;
				INFOPLIST_KEY_UISupportedInterfaceOrientations_iPad = "UIInterfaceOrientationLandscapeLeft UIInterfaceOrientationLandscapeRight UIInterfaceOrientationPortrait UIInterfaceOrientationPortraitUpsideDown";
				IPHONEOS_DEPLOYMENT_TARGET = 13.0;
				LD_RUNPATH_SEARCH_PATHS = (
					"$(inherited)",
					"@executable_path/Frameworks",
				);
				MARKETING_VERSION = 1.0;
				OTHER_SWIFT_FLAGS = "-DTHEME_GREEN -DMEDIA_GALLERY";
				PRODUCT_BUNDLE_IDENTIFIER = com.gorgom.scanme;
				PRODUCT_NAME = ScanMe;
				SUPPORTED_PLATFORMS = "iphoneos iphonesimulator";
				SUPPORTS_MACCATALYST = NO;
				SUPPORTS_MAC_DESIGNED_FOR_IPHONE_IPAD = NO;
				SWIFT_EMIT_LOC_STRINGS = YES;
				SWIFT_VERSION = 5.0;
				TARGETED_DEVICE_FAMILY = 1;
			};
			name = "Release-app-green-camera-roll";
		};
		CDE47D442A020AAD00194C9C /* Debug-app-red-built-in-camera */ = {
			isa = XCBuildConfiguration;
			buildSettings = {
				ALWAYS_SEARCH_USER_PATHS = NO;
				CLANG_ANALYZER_NONNULL = YES;
				CLANG_ANALYZER_NUMBER_OBJECT_CONVERSION = YES_AGGRESSIVE;
				CLANG_CXX_LANGUAGE_STANDARD = "gnu++20";
				CLANG_ENABLE_MODULES = YES;
				CLANG_ENABLE_OBJC_ARC = YES;
				CLANG_ENABLE_OBJC_WEAK = YES;
				CLANG_WARN_BLOCK_CAPTURE_AUTORELEASING = YES;
				CLANG_WARN_BOOL_CONVERSION = YES;
				CLANG_WARN_COMMA = YES;
				CLANG_WARN_CONSTANT_CONVERSION = YES;
				CLANG_WARN_DEPRECATED_OBJC_IMPLEMENTATIONS = YES;
				CLANG_WARN_DIRECT_OBJC_ISA_USAGE = YES_ERROR;
				CLANG_WARN_DOCUMENTATION_COMMENTS = YES;
				CLANG_WARN_EMPTY_BODY = YES;
				CLANG_WARN_ENUM_CONVERSION = YES;
				CLANG_WARN_INFINITE_RECURSION = YES;
				CLANG_WARN_INT_CONVERSION = YES;
				CLANG_WARN_NON_LITERAL_NULL_CONVERSION = YES;
				CLANG_WARN_OBJC_IMPLICIT_RETAIN_SELF = YES;
				CLANG_WARN_OBJC_LITERAL_CONVERSION = YES;
				CLANG_WARN_OBJC_ROOT_CLASS = YES_ERROR;
				CLANG_WARN_QUOTED_INCLUDE_IN_FRAMEWORK_HEADER = YES;
				CLANG_WARN_RANGE_LOOP_ANALYSIS = YES;
				CLANG_WARN_STRICT_PROTOTYPES = YES;
				CLANG_WARN_SUSPICIOUS_MOVE = YES;
				CLANG_WARN_UNGUARDED_AVAILABILITY = YES_AGGRESSIVE;
				CLANG_WARN_UNREACHABLE_CODE = YES;
				CLANG_WARN__DUPLICATE_METHOD_MATCH = YES;
				COPY_PHASE_STRIP = NO;
				DEBUG_INFORMATION_FORMAT = dwarf;
				ENABLE_STRICT_OBJC_MSGSEND = YES;
				ENABLE_TESTABILITY = YES;
				GCC_C_LANGUAGE_STANDARD = gnu11;
				GCC_DYNAMIC_NO_PIC = NO;
				GCC_NO_COMMON_BLOCKS = YES;
				GCC_OPTIMIZATION_LEVEL = 0;
				GCC_PREPROCESSOR_DEFINITIONS = (
					"DEBUG=1",
					"$(inherited)",
				);
				GCC_WARN_64_TO_32_BIT_CONVERSION = YES;
				GCC_WARN_ABOUT_RETURN_TYPE = YES_ERROR;
				GCC_WARN_UNDECLARED_SELECTOR = YES;
				GCC_WARN_UNINITIALIZED_AUTOS = YES_AGGRESSIVE;
				GCC_WARN_UNUSED_FUNCTION = YES;
				GCC_WARN_UNUSED_VARIABLE = YES;
				IPHONEOS_DEPLOYMENT_TARGET = 13.0;
				MTL_ENABLE_DEBUG_INFO = INCLUDE_SOURCE;
				MTL_FAST_MATH = YES;
				ONLY_ACTIVE_ARCH = YES;
				SDKROOT = iphoneos;
				SWIFT_ACTIVE_COMPILATION_CONDITIONS = DEBUG;
				SWIFT_OPTIMIZATION_LEVEL = "-Onone";
			};
			name = "Debug-app-red-built-in-camera";
		};
		CDE47D452A020AAD00194C9C /* Debug-app-red-built-in-camera */ = {
			isa = XCBuildConfiguration;
			baseConfigurationReference = D1AD73AF2BEAC1B4CF85B1A8 /* Pods-Scan me! calculator.debug-app-red-built-in-camera.xcconfig */;
			buildSettings = {
				ASSETCATALOG_COMPILER_APPICON_NAME = AppIcon;
				ASSETCATALOG_COMPILER_GLOBAL_ACCENT_COLOR_NAME = AccentColor;
				CODE_SIGN_STYLE = Automatic;
				CURRENT_PROJECT_VERSION = 1;
				DEVELOPMENT_TEAM = T2FQ2ETBMW;
				GENERATE_INFOPLIST_FILE = YES;
				INFOPLIST_FILE = "Scan me! calculator/Info.plist";
				INFOPLIST_KEY_NSCameraUsageDescription = "$(PRODUCT_NAME) needs access to your camera to scan images and recognize text.";
				INFOPLIST_KEY_NSPhotoLibraryUsageDescription = "$(PRODUCT_NAME) needs access to your photo library to scan images and recognize text.";
				INFOPLIST_KEY_UIApplicationSupportsIndirectInputEvents = YES;
				INFOPLIST_KEY_UILaunchStoryboardName = LaunchScreen.storyboard;
				INFOPLIST_KEY_UISupportedInterfaceOrientations = UIInterfaceOrientationPortrait;
				INFOPLIST_KEY_UISupportedInterfaceOrientations_iPad = "UIInterfaceOrientationLandscapeLeft UIInterfaceOrientationLandscapeRight UIInterfaceOrientationPortrait UIInterfaceOrientationPortraitUpsideDown";
				IPHONEOS_DEPLOYMENT_TARGET = 13.0;
				LD_RUNPATH_SEARCH_PATHS = (
					"$(inherited)",
					"@executable_path/Frameworks",
				);
				MARKETING_VERSION = 1.0;
				OTHER_SWIFT_FLAGS = "-DTHEME_RED -DMEDIA_CAMERA";
				PRODUCT_BUNDLE_IDENTIFIER = com.gorgom.scanme;
				PRODUCT_NAME = ScanMe;
				SUPPORTED_PLATFORMS = "iphoneos iphonesimulator";
				SUPPORTS_MACCATALYST = NO;
				SUPPORTS_MAC_DESIGNED_FOR_IPHONE_IPAD = NO;
				SWIFT_EMIT_LOC_STRINGS = YES;
				SWIFT_VERSION = 5.0;
				TARGETED_DEVICE_FAMILY = 1;
			};
			name = "Debug-app-red-built-in-camera";
		};
		CDE47D462A020ACD00194C9C /* Release-app-red-built-in-camera */ = {
			isa = XCBuildConfiguration;
			buildSettings = {
				ALWAYS_SEARCH_USER_PATHS = NO;
				CLANG_ANALYZER_NONNULL = YES;
				CLANG_ANALYZER_NUMBER_OBJECT_CONVERSION = YES_AGGRESSIVE;
				CLANG_CXX_LANGUAGE_STANDARD = "gnu++20";
				CLANG_ENABLE_MODULES = YES;
				CLANG_ENABLE_OBJC_ARC = YES;
				CLANG_ENABLE_OBJC_WEAK = YES;
				CLANG_WARN_BLOCK_CAPTURE_AUTORELEASING = YES;
				CLANG_WARN_BOOL_CONVERSION = YES;
				CLANG_WARN_COMMA = YES;
				CLANG_WARN_CONSTANT_CONVERSION = YES;
				CLANG_WARN_DEPRECATED_OBJC_IMPLEMENTATIONS = YES;
				CLANG_WARN_DIRECT_OBJC_ISA_USAGE = YES_ERROR;
				CLANG_WARN_DOCUMENTATION_COMMENTS = YES;
				CLANG_WARN_EMPTY_BODY = YES;
				CLANG_WARN_ENUM_CONVERSION = YES;
				CLANG_WARN_INFINITE_RECURSION = YES;
				CLANG_WARN_INT_CONVERSION = YES;
				CLANG_WARN_NON_LITERAL_NULL_CONVERSION = YES;
				CLANG_WARN_OBJC_IMPLICIT_RETAIN_SELF = YES;
				CLANG_WARN_OBJC_LITERAL_CONVERSION = YES;
				CLANG_WARN_OBJC_ROOT_CLASS = YES_ERROR;
				CLANG_WARN_QUOTED_INCLUDE_IN_FRAMEWORK_HEADER = YES;
				CLANG_WARN_RANGE_LOOP_ANALYSIS = YES;
				CLANG_WARN_STRICT_PROTOTYPES = YES;
				CLANG_WARN_SUSPICIOUS_MOVE = YES;
				CLANG_WARN_UNGUARDED_AVAILABILITY = YES_AGGRESSIVE;
				CLANG_WARN_UNREACHABLE_CODE = YES;
				CLANG_WARN__DUPLICATE_METHOD_MATCH = YES;
				COPY_PHASE_STRIP = NO;
				DEBUG_INFORMATION_FORMAT = "dwarf-with-dsym";
				ENABLE_NS_ASSERTIONS = NO;
				ENABLE_STRICT_OBJC_MSGSEND = YES;
				GCC_C_LANGUAGE_STANDARD = gnu11;
				GCC_NO_COMMON_BLOCKS = YES;
				GCC_WARN_64_TO_32_BIT_CONVERSION = YES;
				GCC_WARN_ABOUT_RETURN_TYPE = YES_ERROR;
				GCC_WARN_UNDECLARED_SELECTOR = YES;
				GCC_WARN_UNINITIALIZED_AUTOS = YES_AGGRESSIVE;
				GCC_WARN_UNUSED_FUNCTION = YES;
				GCC_WARN_UNUSED_VARIABLE = YES;
				IPHONEOS_DEPLOYMENT_TARGET = 13.0;
				MTL_ENABLE_DEBUG_INFO = NO;
				MTL_FAST_MATH = YES;
				SDKROOT = iphoneos;
				SWIFT_COMPILATION_MODE = wholemodule;
				SWIFT_OPTIMIZATION_LEVEL = "-O";
				VALIDATE_PRODUCT = YES;
			};
			name = "Release-app-red-built-in-camera";
		};
		CDE47D472A020ACD00194C9C /* Release-app-red-built-in-camera */ = {
			isa = XCBuildConfiguration;
			baseConfigurationReference = E9974DBE126A5F8CE8447966 /* Pods-Scan me! calculator.release-app-red-built-in-camera.xcconfig */;
			buildSettings = {
				ASSETCATALOG_COMPILER_APPICON_NAME = AppIcon;
				ASSETCATALOG_COMPILER_GLOBAL_ACCENT_COLOR_NAME = AccentColor;
				CODE_SIGN_STYLE = Automatic;
				CURRENT_PROJECT_VERSION = 1;
				DEVELOPMENT_TEAM = T2FQ2ETBMW;
				GENERATE_INFOPLIST_FILE = YES;
				INFOPLIST_FILE = "Scan me! calculator/Info.plist";
				INFOPLIST_KEY_NSCameraUsageDescription = "$(PRODUCT_NAME) needs access to your camera to scan images and recognize text.";
				INFOPLIST_KEY_NSPhotoLibraryUsageDescription = "$(PRODUCT_NAME) needs access to your photo library to scan images and recognize text.";
				INFOPLIST_KEY_UIApplicationSupportsIndirectInputEvents = YES;
				INFOPLIST_KEY_UILaunchStoryboardName = LaunchScreen.storyboard;
				INFOPLIST_KEY_UISupportedInterfaceOrientations = UIInterfaceOrientationPortrait;
				INFOPLIST_KEY_UISupportedInterfaceOrientations_iPad = "UIInterfaceOrientationLandscapeLeft UIInterfaceOrientationLandscapeRight UIInterfaceOrientationPortrait UIInterfaceOrientationPortraitUpsideDown";
				IPHONEOS_DEPLOYMENT_TARGET = 13.0;
				LD_RUNPATH_SEARCH_PATHS = (
					"$(inherited)",
					"@executable_path/Frameworks",
				);
				MARKETING_VERSION = 1.0;
				OTHER_SWIFT_FLAGS = "-DTHEME_RED -DMEDIA_CAMERA";
				PRODUCT_BUNDLE_IDENTIFIER = com.gorgom.scanme;
				PRODUCT_NAME = ScanMe;
				SUPPORTED_PLATFORMS = "iphoneos iphonesimulator";
				SUPPORTS_MACCATALYST = NO;
				SUPPORTS_MAC_DESIGNED_FOR_IPHONE_IPAD = NO;
				SWIFT_EMIT_LOC_STRINGS = YES;
				SWIFT_VERSION = 5.0;
				TARGETED_DEVICE_FAMILY = 1;
			};
			name = "Release-app-red-built-in-camera";
		};
/* End XCBuildConfiguration section */

/* Begin XCConfigurationList section */
		CD73320D29FCEFDA00899ECC /* Build configuration list for PBXProject "Scan me! calculator" */ = {
			isa = XCConfigurationList;
			buildConfigurations = (
				CD73322429FCEFDB00899ECC /* Debug */,
				CDAE86C42A016D5800BCB253 /* Debug-app-red-camera-roll */,
				CDE47D442A020AAD00194C9C /* Debug-app-red-built-in-camera */,
				CDAE86C82A016DC600BCB253 /* Debug-app-green-camera-roll */,
				CDA53BD62A0294D000B5DFF8 /* Debug-app-green-built-in-camera */,
				CD73322529FCEFDB00899ECC /* Release */,
				CDAE86C62A016D7E00BCB253 /* Release-app-red-camera-roll */,
				CDE47D462A020ACD00194C9C /* Release-app-red-built-in-camera */,
				CDAE86CA2A016DDD00BCB253 /* Release-app-green-camera-roll */,
				CDA53BD82A0294FD00B5DFF8 /* Release-app-green-built-in-camera */,
			);
			defaultConfigurationIsVisible = 0;
			defaultConfigurationName = Release;
		};
		CD73322629FCEFDB00899ECC /* Build configuration list for PBXNativeTarget "Scan me! calculator" */ = {
			isa = XCConfigurationList;
			buildConfigurations = (
				CD73322729FCEFDB00899ECC /* Debug */,
				CDAE86C52A016D5800BCB253 /* Debug-app-red-camera-roll */,
				CDE47D452A020AAD00194C9C /* Debug-app-red-built-in-camera */,
				CDAE86C92A016DC600BCB253 /* Debug-app-green-camera-roll */,
				CDA53BD72A0294D000B5DFF8 /* Debug-app-green-built-in-camera */,
				CD73322829FCEFDB00899ECC /* Release */,
				CDAE86C72A016D7E00BCB253 /* Release-app-red-camera-roll */,
				CDE47D472A020ACD00194C9C /* Release-app-red-built-in-camera */,
				CDAE86CB2A016DDD00BCB253 /* Release-app-green-camera-roll */,
				CDA53BD92A0294FD00B5DFF8 /* Release-app-green-built-in-camera */,
			);
			defaultConfigurationIsVisible = 0;
			defaultConfigurationName = Release;
		};
		CDA53C032A029D7C00B5DFF8 /* Build configuration list for PBXNativeTarget "ScanMeTests" */ = {
			isa = XCConfigurationList;
			buildConfigurations = (
				CDA53C042A029D7C00B5DFF8 /* Debug */,
				CDA53C052A029D7C00B5DFF8 /* Debug-app-red-camera-roll */,
				CDA53C062A029D7C00B5DFF8 /* Debug-app-red-built-in-camera */,
				CDA53C072A029D7C00B5DFF8 /* Debug-app-green-camera-roll */,
				CDA53C082A029D7C00B5DFF8 /* Debug-app-green-built-in-camera */,
				CDA53C092A029D7C00B5DFF8 /* Release */,
				CDA53C0A2A029D7C00B5DFF8 /* Release-app-red-camera-roll */,
				CDA53C0B2A029D7C00B5DFF8 /* Release-app-red-built-in-camera */,
				CDA53C0C2A029D7C00B5DFF8 /* Release-app-green-camera-roll */,
				CDA53C0D2A029D7C00B5DFF8 /* Release-app-green-built-in-camera */,
			);
			defaultConfigurationIsVisible = 0;
			defaultConfigurationName = Release;
		};
/* End XCConfigurationList section */
	};
	rootObject = CD73320A29FCEFDA00899ECC /* Project object */;
}
